// !$*UTF8*$!
{
	archiveVersion = 1;
	classes = {
	};
	objectVersion = 45;
	objects = {

/* Begin PBXBuildFile section */
		0D21C3C61320129400A0B8BB /* ShortcutRecorder.framework in Frameworks */ = {isa = PBXBuildFile; fileRef = 0D21C3C51320129400A0B8BB /* ShortcutRecorder.framework */; };
		0D21C3D2132012D600A0B8BB /* ShortcutRecorder.framework in Copy Frameworks */ = {isa = PBXBuildFile; fileRef = 0D21C3C51320129400A0B8BB /* ShortcutRecorder.framework */; };
		0D21C3E2132012E900A0B8BB /* PTHotKey.m in Sources */ = {isa = PBXBuildFile; fileRef = 0D21C3DB132012E900A0B8BB /* PTHotKey.m */; };
		0D21C3E3132012E900A0B8BB /* PTHotKeyCenter.m in Sources */ = {isa = PBXBuildFile; fileRef = 0D21C3DD132012E900A0B8BB /* PTHotKeyCenter.m */; };
		0D21C3E4132012E900A0B8BB /* PTKeyCodeTranslator.m in Sources */ = {isa = PBXBuildFile; fileRef = 0D21C3DF132012E900A0B8BB /* PTKeyCodeTranslator.m */; };
		0D21C3E5132012E900A0B8BB /* PTKeyCombo.m in Sources */ = {isa = PBXBuildFile; fileRef = 0D21C3E1132012E900A0B8BB /* PTKeyCombo.m */; };
		0D21C3EB1320130D00A0B8BB /* Carbon.framework in Frameworks */ = {isa = PBXBuildFile; fileRef = 0D21C3EA1320130D00A0B8BB /* Carbon.framework */; };
		0D23F55C13210B490011B219 /* URLShortener.m in Sources */ = {isa = PBXBuildFile; fileRef = 0D23F55B13210B490011B219 /* URLShortener.m */; };
		0D23F569132129340011B219 /* menubar-icon.png in Resources */ = {isa = PBXBuildFile; fileRef = 0D23F568132129340011B219 /* menubar-icon.png */; };
		0D23F5A213212D480011B219 /* RegexKitLite.m in Sources */ = {isa = PBXBuildFile; fileRef = 0D23F59813212D480011B219 /* RegexKitLite.m */; };
		0D23F5B913212FAC0011B219 /* SAPOPunyShorteningService.m in Sources */ = {isa = PBXBuildFile; fileRef = 0D23F5B813212FAC0011B219 /* SAPOPunyShorteningService.m */; };
		0D23F5C9132131620011B219 /* URLShorteningService.m in Sources */ = {isa = PBXBuildFile; fileRef = 0D23F5C8132131620011B219 /* URLShorteningService.m */; };
		0D23F8C1132795B90011B219 /* GTMGatherInputStream.m in Sources */ = {isa = PBXBuildFile; fileRef = 0D23F8A0132795B90011B219 /* GTMGatherInputStream.m */; };
		0D23F8C2132795B90011B219 /* GTMHTTPFetcher.m in Sources */ = {isa = PBXBuildFile; fileRef = 0D23F8A2132795B90011B219 /* GTMHTTPFetcher.m */; };
		0D23F8C3132795B90011B219 /* GTMHTTPFetcherLogging.m in Sources */ = {isa = PBXBuildFile; fileRef = 0D23F8A7132795B90011B219 /* GTMHTTPFetcherLogging.m */; };
		0D23F8C4132795B90011B219 /* GTMHTTPFetcherService.m in Sources */ = {isa = PBXBuildFile; fileRef = 0D23F8A9132795B90011B219 /* GTMHTTPFetcherService.m */; };
		0D23F8C5132795B90011B219 /* GTMHTTPFetchHistory.m in Sources */ = {isa = PBXBuildFile; fileRef = 0D23F8AB132795B90011B219 /* GTMHTTPFetchHistory.m */; };
		0D23F8C6132795B90011B219 /* GTMHTTPUploadFetcher.m in Sources */ = {isa = PBXBuildFile; fileRef = 0D23F8AD132795B90011B219 /* GTMHTTPUploadFetcher.m */; };
		0D23F8C7132795B90011B219 /* GTMMIMEDocument.m in Sources */ = {isa = PBXBuildFile; fileRef = 0D23F8AF132795B90011B219 /* GTMMIMEDocument.m */; };
		0D95C66F1320153A00BD2C17 /* AppController.m in Sources */ = {isa = PBXBuildFile; fileRef = 0D95C66E1320153A00BD2C17 /* AppController.m */; };
		1DDD58160DA1D0A300B32029 /* MainMenu.xib in Resources */ = {isa = PBXBuildFile; fileRef = 1DDD58140DA1D0A300B32029 /* MainMenu.xib */; };
		256AC3DA0F4B6AC300CF3369 /* AppDelegate.m in Sources */ = {isa = PBXBuildFile; fileRef = 256AC3D90F4B6AC300CF3369 /* AppDelegate.m */; };
		8D11072B0486CEB800E47090 /* InfoPlist.strings in Resources */ = {isa = PBXBuildFile; fileRef = 089C165CFE840E0CC02AAC07 /* InfoPlist.strings */; };
		8D11072D0486CEB800E47090 /* main.m in Sources */ = {isa = PBXBuildFile; fileRef = 29B97316FDCFA39411CA2CEA /* main.m */; settings = {ATTRIBUTES = (); }; };
		8D11072F0486CEB800E47090 /* Cocoa.framework in Frameworks */ = {isa = PBXBuildFile; fileRef = 1058C7A1FEA54F0111CA2CBB /* Cocoa.framework */; };
/* End PBXBuildFile section */

/* Begin PBXCopyFilesBuildPhase section */
		0D21C3D7132012DE00A0B8BB /* Copy Frameworks */ = {
			isa = PBXCopyFilesBuildPhase;
			buildActionMask = 2147483647;
			dstPath = "";
			dstSubfolderSpec = 10;
			files = (
				0D21C3D2132012D600A0B8BB /* ShortcutRecorder.framework in Copy Frameworks */,
			);
			name = "Copy Frameworks";
			runOnlyForDeploymentPostprocessing = 0;
		};
/* End PBXCopyFilesBuildPhase section */

/* Begin PBXFileReference section */
		089C165DFE840E0CC02AAC07 /* English */ = {isa = PBXFileReference; fileEncoding = 4; lastKnownFileType = text.plist.strings; name = English; path = English.lproj/InfoPlist.strings; sourceTree = "<group>"; };
		0D21C3C51320129400A0B8BB /* ShortcutRecorder.framework */ = {isa = PBXFileReference; lastKnownFileType = wrapper.framework; name = ShortcutRecorder.framework; path = Frameworks/ShortcutRecorder.framework; sourceTree = "<group>"; };
		0D21C3DA132012E900A0B8BB /* PTHotKey.h */ = {isa = PBXFileReference; fileEncoding = 4; lastKnownFileType = sourcecode.c.h; path = PTHotKey.h; sourceTree = "<group>"; };
		0D21C3DB132012E900A0B8BB /* PTHotKey.m */ = {isa = PBXFileReference; fileEncoding = 4; lastKnownFileType = sourcecode.c.objc; path = PTHotKey.m; sourceTree = "<group>"; };
		0D21C3DC132012E900A0B8BB /* PTHotKeyCenter.h */ = {isa = PBXFileReference; fileEncoding = 4; lastKnownFileType = sourcecode.c.h; path = PTHotKeyCenter.h; sourceTree = "<group>"; };
		0D21C3DD132012E900A0B8BB /* PTHotKeyCenter.m */ = {isa = PBXFileReference; fileEncoding = 4; lastKnownFileType = sourcecode.c.objc; path = PTHotKeyCenter.m; sourceTree = "<group>"; };
		0D21C3DE132012E900A0B8BB /* PTKeyCodeTranslator.h */ = {isa = PBXFileReference; fileEncoding = 4; lastKnownFileType = sourcecode.c.h; path = PTKeyCodeTranslator.h; sourceTree = "<group>"; };
		0D21C3DF132012E900A0B8BB /* PTKeyCodeTranslator.m */ = {isa = PBXFileReference; fileEncoding = 4; lastKnownFileType = sourcecode.c.objc; path = PTKeyCodeTranslator.m; sourceTree = "<group>"; };
		0D21C3E0132012E900A0B8BB /* PTKeyCombo.h */ = {isa = PBXFileReference; fileEncoding = 4; lastKnownFileType = sourcecode.c.h; path = PTKeyCombo.h; sourceTree = "<group>"; };
		0D21C3E1132012E900A0B8BB /* PTKeyCombo.m */ = {isa = PBXFileReference; fileEncoding = 4; lastKnownFileType = sourcecode.c.objc; path = PTKeyCombo.m; sourceTree = "<group>"; };
		0D21C3EA1320130D00A0B8BB /* Carbon.framework */ = {isa = PBXFileReference; lastKnownFileType = wrapper.framework; name = Carbon.framework; path = System/Library/Frameworks/Carbon.framework; sourceTree = SDKROOT; };
		0D23F4961320F8E30011B219 /* Logging.h */ = {isa = PBXFileReference; fileEncoding = 4; lastKnownFileType = sourcecode.c.h; path = Logging.h; sourceTree = "<group>"; };
		0D23F4971320F8E30011B219 /* Macros.h */ = {isa = PBXFileReference; fileEncoding = 4; lastKnownFileType = sourcecode.c.h; path = Macros.h; sourceTree = "<group>"; };
		0D23F55A13210B490011B219 /* URLShortener.h */ = {isa = PBXFileReference; fileEncoding = 4; lastKnownFileType = sourcecode.c.h; path = URLShortener.h; sourceTree = "<group>"; };
		0D23F55B13210B490011B219 /* URLShortener.m */ = {isa = PBXFileReference; fileEncoding = 4; lastKnownFileType = sourcecode.c.objc; path = URLShortener.m; sourceTree = "<group>"; };
		0D23F568132129340011B219 /* menubar-icon.png */ = {isa = PBXFileReference; lastKnownFileType = image.png; path = "menubar-icon.png"; sourceTree = "<group>"; };
		0D23F59613212D480011B219 /* RegexKitLite.h */ = {isa = PBXFileReference; fileEncoding = 4; lastKnownFileType = sourcecode.c.h; path = RegexKitLite.h; sourceTree = "<group>"; };
		0D23F59813212D480011B219 /* RegexKitLite.m */ = {isa = PBXFileReference; fileEncoding = 4; lastKnownFileType = sourcecode.c.objc; path = RegexKitLite.m; sourceTree = "<group>"; };
		0D23F5B713212FAC0011B219 /* SAPOPunyShorteningService.h */ = {isa = PBXFileReference; fileEncoding = 4; lastKnownFileType = sourcecode.c.h; path = SAPOPunyShorteningService.h; sourceTree = "<group>"; };
		0D23F5B813212FAC0011B219 /* SAPOPunyShorteningService.m */ = {isa = PBXFileReference; fileEncoding = 4; lastKnownFileType = sourcecode.c.objc; path = SAPOPunyShorteningService.m; sourceTree = "<group>"; };
		0D23F5C7132131620011B219 /* URLShorteningService.h */ = {isa = PBXFileReference; fileEncoding = 4; lastKnownFileType = sourcecode.c.h; path = URLShorteningService.h; sourceTree = "<group>"; };
		0D23F5C8132131620011B219 /* URLShorteningService.m */ = {isa = PBXFileReference; fileEncoding = 4; lastKnownFileType = sourcecode.c.objc; path = URLShorteningService.m; sourceTree = "<group>"; };
		0D23F89F132795B90011B219 /* GTMGatherInputStream.h */ = {isa = PBXFileReference; fileEncoding = 4; lastKnownFileType = sourcecode.c.h; path = GTMGatherInputStream.h; sourceTree = "<group>"; };
		0D23F8A0132795B90011B219 /* GTMGatherInputStream.m */ = {isa = PBXFileReference; fileEncoding = 4; lastKnownFileType = sourcecode.c.objc; path = GTMGatherInputStream.m; sourceTree = "<group>"; };
		0D23F8A1132795B90011B219 /* GTMHTTPFetcher.h */ = {isa = PBXFileReference; fileEncoding = 4; lastKnownFileType = sourcecode.c.h; path = GTMHTTPFetcher.h; sourceTree = "<group>"; };
		0D23F8A2132795B90011B219 /* GTMHTTPFetcher.m */ = {isa = PBXFileReference; fileEncoding = 4; lastKnownFileType = sourcecode.c.objc; path = GTMHTTPFetcher.m; sourceTree = "<group>"; };
		0D23F8A6132795B90011B219 /* GTMHTTPFetcherLogging.h */ = {isa = PBXFileReference; fileEncoding = 4; lastKnownFileType = sourcecode.c.h; path = GTMHTTPFetcherLogging.h; sourceTree = "<group>"; };
		0D23F8A7132795B90011B219 /* GTMHTTPFetcherLogging.m */ = {isa = PBXFileReference; fileEncoding = 4; lastKnownFileType = sourcecode.c.objc; path = GTMHTTPFetcherLogging.m; sourceTree = "<group>"; };
		0D23F8A8132795B90011B219 /* GTMHTTPFetcherService.h */ = {isa = PBXFileReference; fileEncoding = 4; lastKnownFileType = sourcecode.c.h; path = GTMHTTPFetcherService.h; sourceTree = "<group>"; };
		0D23F8A9132795B90011B219 /* GTMHTTPFetcherService.m */ = {isa = PBXFileReference; fileEncoding = 4; lastKnownFileType = sourcecode.c.objc; path = GTMHTTPFetcherService.m; sourceTree = "<group>"; };
		0D23F8AA132795B90011B219 /* GTMHTTPFetchHistory.h */ = {isa = PBXFileReference; fileEncoding = 4; lastKnownFileType = sourcecode.c.h; path = GTMHTTPFetchHistory.h; sourceTree = "<group>"; };
		0D23F8AB132795B90011B219 /* GTMHTTPFetchHistory.m */ = {isa = PBXFileReference; fileEncoding = 4; lastKnownFileType = sourcecode.c.objc; path = GTMHTTPFetchHistory.m; sourceTree = "<group>"; };
		0D23F8AC132795B90011B219 /* GTMHTTPUploadFetcher.h */ = {isa = PBXFileReference; fileEncoding = 4; lastKnownFileType = sourcecode.c.h; path = GTMHTTPUploadFetcher.h; sourceTree = "<group>"; };
		0D23F8AD132795B90011B219 /* GTMHTTPUploadFetcher.m */ = {isa = PBXFileReference; fileEncoding = 4; lastKnownFileType = sourcecode.c.objc; path = GTMHTTPUploadFetcher.m; sourceTree = "<group>"; };
		0D23F8AE132795B90011B219 /* GTMMIMEDocument.h */ = {isa = PBXFileReference; fileEncoding = 4; lastKnownFileType = sourcecode.c.h; path = GTMMIMEDocument.h; sourceTree = "<group>"; };
		0D23F8AF132795B90011B219 /* GTMMIMEDocument.m */ = {isa = PBXFileReference; fileEncoding = 4; lastKnownFileType = sourcecode.c.objc; path = GTMMIMEDocument.m; sourceTree = "<group>"; };
		0D95C66D1320153A00BD2C17 /* AppController.h */ = {isa = PBXFileReference; fileEncoding = 4; lastKnownFileType = sourcecode.c.h; path = AppController.h; sourceTree = "<group>"; };
		0D95C66E1320153A00BD2C17 /* AppController.m */ = {isa = PBXFileReference; fileEncoding = 4; lastKnownFileType = sourcecode.c.objc; path = AppController.m; sourceTree = "<group>"; };
		1058C7A1FEA54F0111CA2CBB /* Cocoa.framework */ = {isa = PBXFileReference; lastKnownFileType = wrapper.framework; name = Cocoa.framework; path = /System/Library/Frameworks/Cocoa.framework; sourceTree = "<absolute>"; };
		13E42FB307B3F0F600E4EEF1 /* CoreData.framework */ = {isa = PBXFileReference; lastKnownFileType = wrapper.framework; name = CoreData.framework; path = /System/Library/Frameworks/CoreData.framework; sourceTree = "<absolute>"; };
		1DDD58150DA1D0A300B32029 /* English */ = {isa = PBXFileReference; lastKnownFileType = file.xib; name = English; path = English.lproj/MainMenu.xib; sourceTree = "<group>"; };
		256AC3D80F4B6AC300CF3369 /* AppDelegate.h */ = {isa = PBXFileReference; fileEncoding = 4; lastKnownFileType = sourcecode.c.h; path = AppDelegate.h; sourceTree = "<group>"; };
		256AC3D90F4B6AC300CF3369 /* AppDelegate.m */ = {isa = PBXFileReference; fileEncoding = 4; lastKnownFileType = sourcecode.c.objc; path = AppDelegate.m; sourceTree = "<group>"; };
		256AC3F00F4B6AF500CF3369 /* SAPOPuny_Prefix.pch */ = {isa = PBXFileReference; fileEncoding = 4; lastKnownFileType = sourcecode.c.h; path = SAPOPuny_Prefix.pch; sourceTree = "<group>"; };
		29B97316FDCFA39411CA2CEA /* main.m */ = {isa = PBXFileReference; fileEncoding = 4; lastKnownFileType = sourcecode.c.objc; path = main.m; sourceTree = "<group>"; };
		29B97324FDCFA39411CA2CEA /* AppKit.framework */ = {isa = PBXFileReference; lastKnownFileType = wrapper.framework; name = AppKit.framework; path = /System/Library/Frameworks/AppKit.framework; sourceTree = "<absolute>"; };
		29B97325FDCFA39411CA2CEA /* Foundation.framework */ = {isa = PBXFileReference; lastKnownFileType = wrapper.framework; name = Foundation.framework; path = /System/Library/Frameworks/Foundation.framework; sourceTree = "<absolute>"; };
		8D1107310486CEB800E47090 /* Info.plist */ = {isa = PBXFileReference; fileEncoding = 4; lastKnownFileType = text.plist.xml; path = Info.plist; sourceTree = "<group>"; };
		8D1107320486CEB800E47090 /* SAPOPuny.app */ = {isa = PBXFileReference; explicitFileType = wrapper.application; includeInIndex = 0; path = SAPOPuny.app; sourceTree = BUILT_PRODUCTS_DIR; };
/* End PBXFileReference section */

/* Begin PBXFrameworksBuildPhase section */
		8D11072E0486CEB800E47090 /* Frameworks */ = {
			isa = PBXFrameworksBuildPhase;
			buildActionMask = 2147483647;
			files = (
				8D11072F0486CEB800E47090 /* Cocoa.framework in Frameworks */,
				0D21C3C61320129400A0B8BB /* ShortcutRecorder.framework in Frameworks */,
				0D21C3EB1320130D00A0B8BB /* Carbon.framework in Frameworks */,
			);
			runOnlyForDeploymentPostprocessing = 0;
		};
/* End PBXFrameworksBuildPhase section */

/* Begin PBXGroup section */
		080E96DDFE201D6D7F000001 /* Classes */ = {
			isa = PBXGroup;
			children = (
				0D23F55913210B320011B219 /* PunyURL */,
				0D23F48A1320F8AC0011B219 /* Common */,
				0D23F4891320F8A60011B219 /* Application */,
			);
			name = Classes;
			sourceTree = "<group>";
		};
		0D21C35F13200CFE00A0B8BB /* NIB */ = {
			isa = PBXGroup;
			children = (
				1DDD58140DA1D0A300B32029 /* MainMenu.xib */,
			);
			name = NIB;
			sourceTree = "<group>";
		};
		0D21C3B81320127E00A0B8BB /* Bundled Frameworks */ = {
			isa = PBXGroup;
			children = (
				0D21C3C51320129400A0B8BB /* ShortcutRecorder.framework */,
			);
			name = "Bundled Frameworks";
			sourceTree = "<group>";
		};
		0D21C3D8132012E900A0B8BB /* Vendor */ = {
			isa = PBXGroup;
			children = (
				0D23F89B132795B90011B219 /* gtm-http-fetcher */,
				0D23F58B13212D480011B219 /* RegexKitLite */,
				0D21C3D9132012E900A0B8BB /* HotKey */,
			);
			path = Vendor;
			sourceTree = "<group>";
		};
		0D21C3D9132012E900A0B8BB /* HotKey */ = {
			isa = PBXGroup;
			children = (
				0D21C3DA132012E900A0B8BB /* PTHotKey.h */,
				0D21C3DB132012E900A0B8BB /* PTHotKey.m */,
				0D21C3DC132012E900A0B8BB /* PTHotKeyCenter.h */,
				0D21C3DD132012E900A0B8BB /* PTHotKeyCenter.m */,
				0D21C3DE132012E900A0B8BB /* PTKeyCodeTranslator.h */,
				0D21C3DF132012E900A0B8BB /* PTKeyCodeTranslator.m */,
				0D21C3E0132012E900A0B8BB /* PTKeyCombo.h */,
				0D21C3E1132012E900A0B8BB /* PTKeyCombo.m */,
			);
			path = HotKey;
			sourceTree = "<group>";
		};
		0D23F4891320F8A60011B219 /* Application */ = {
			isa = PBXGroup;
			children = (
				256AC3D80F4B6AC300CF3369 /* AppDelegate.h */,
				256AC3D90F4B6AC300CF3369 /* AppDelegate.m */,
				0D95C66D1320153A00BD2C17 /* AppController.h */,
				0D95C66E1320153A00BD2C17 /* AppController.m */,
			);
			name = Application;
			sourceTree = "<group>";
		};
		0D23F48A1320F8AC0011B219 /* Common */ = {
			isa = PBXGroup;
			children = (
				0D23F4961320F8E30011B219 /* Logging.h */,
				0D23F4971320F8E30011B219 /* Macros.h */,
			);
			name = Common;
			sourceTree = "<group>";
		};
		0D23F536132108DB0011B219 /* Images */ = {
			isa = PBXGroup;
			children = (
				0D23F568132129340011B219 /* menubar-icon.png */,
			);
			name = Images;
			sourceTree = "<group>";
		};
		0D23F55913210B320011B219 /* PunyURL */ = {
			isa = PBXGroup;
			children = (
				0D23F55A13210B490011B219 /* URLShortener.h */,
				0D23F55B13210B490011B219 /* URLShortener.m */,
				0D23F5B713212FAC0011B219 /* SAPOPunyShorteningService.h */,
				0D23F5B813212FAC0011B219 /* SAPOPunyShorteningService.m */,
				0D23F5C7132131620011B219 /* URLShorteningService.h */,
				0D23F5C8132131620011B219 /* URLShorteningService.m */,
			);
			name = PunyURL;
			sourceTree = "<group>";
		};
		0D23F58B13212D480011B219 /* RegexKitLite */ = {
			isa = PBXGroup;
			children = (
				0D23F59613212D480011B219 /* RegexKitLite.h */,
				0D23F59813212D480011B219 /* RegexKitLite.m */,
			);
			path = RegexKitLite;
			sourceTree = "<group>";
		};
		0D23F89B132795B90011B219 /* gtm-http-fetcher */ = {
			isa = PBXGroup;
			children = (
				0D23F89E132795B90011B219 /* Source */,
			);
			path = "gtm-http-fetcher";
			sourceTree = "<group>";
		};
		0D23F89E132795B90011B219 /* Source */ = {
			isa = PBXGroup;
			children = (
				0D23F89F132795B90011B219 /* GTMGatherInputStream.h */,
				0D23F8A0132795B90011B219 /* GTMGatherInputStream.m */,
				0D23F8A1132795B90011B219 /* GTMHTTPFetcher.h */,
				0D23F8A2132795B90011B219 /* GTMHTTPFetcher.m */,
				0D23F8A6132795B90011B219 /* GTMHTTPFetcherLogging.h */,
				0D23F8A7132795B90011B219 /* GTMHTTPFetcherLogging.m */,
				0D23F8A8132795B90011B219 /* GTMHTTPFetcherService.h */,
				0D23F8A9132795B90011B219 /* GTMHTTPFetcherService.m */,
				0D23F8AA132795B90011B219 /* GTMHTTPFetchHistory.h */,
				0D23F8AB132795B90011B219 /* GTMHTTPFetchHistory.m */,
				0D23F8AC132795B90011B219 /* GTMHTTPUploadFetcher.h */,
				0D23F8AD132795B90011B219 /* GTMHTTPUploadFetcher.m */,
				0D23F8AE132795B90011B219 /* GTMMIMEDocument.h */,
				0D23F8AF132795B90011B219 /* GTMMIMEDocument.m */,
			);
			path = Source;
			sourceTree = "<group>";
		};
		1058C7A0FEA54F0111CA2CBB /* Linked Frameworks */ = {
			isa = PBXGroup;
			children = (
				1058C7A1FEA54F0111CA2CBB /* Cocoa.framework */,
				0D21C3EA1320130D00A0B8BB /* Carbon.framework */,
			);
			name = "Linked Frameworks";
			sourceTree = "<group>";
		};
		1058C7A2FEA54F0111CA2CBB /* Other Frameworks */ = {
			isa = PBXGroup;
			children = (
				29B97324FDCFA39411CA2CEA /* AppKit.framework */,
				13E42FB307B3F0F600E4EEF1 /* CoreData.framework */,
				29B97325FDCFA39411CA2CEA /* Foundation.framework */,
			);
			name = "Other Frameworks";
			sourceTree = "<group>";
		};
		19C28FACFE9D520D11CA2CBB /* Products */ = {
			isa = PBXGroup;
			children = (
				8D1107320486CEB800E47090 /* SAPOPuny.app */,
			);
			name = Products;
			sourceTree = "<group>";
		};
		29B97314FDCFA39411CA2CEA /* SAPOPuny */ = {
			isa = PBXGroup;
			children = (
				0D21C3D8132012E900A0B8BB /* Vendor */,
				080E96DDFE201D6D7F000001 /* Classes */,
				29B97315FDCFA39411CA2CEA /* Other Sources */,
				29B97317FDCFA39411CA2CEA /* Resources */,
				29B97323FDCFA39411CA2CEA /* Frameworks */,
				19C28FACFE9D520D11CA2CBB /* Products */,
			);
			name = SAPOPuny;
			sourceTree = "<group>";
		};
		29B97315FDCFA39411CA2CEA /* Other Sources */ = {
			isa = PBXGroup;
			children = (
				256AC3F00F4B6AF500CF3369 /* SAPOPuny_Prefix.pch */,
				29B97316FDCFA39411CA2CEA /* main.m */,
			);
			name = "Other Sources";
			sourceTree = "<group>";
		};
		29B97317FDCFA39411CA2CEA /* Resources */ = {
			isa = PBXGroup;
			children = (
				0D23F536132108DB0011B219 /* Images */,
				0D21C35F13200CFE00A0B8BB /* NIB */,
				8D1107310486CEB800E47090 /* Info.plist */,
				089C165CFE840E0CC02AAC07 /* InfoPlist.strings */,
			);
			name = Resources;
			sourceTree = "<group>";
		};
		29B97323FDCFA39411CA2CEA /* Frameworks */ = {
			isa = PBXGroup;
			children = (
				0D21C3B81320127E00A0B8BB /* Bundled Frameworks */,
				1058C7A0FEA54F0111CA2CBB /* Linked Frameworks */,
				1058C7A2FEA54F0111CA2CBB /* Other Frameworks */,
			);
			name = Frameworks;
			sourceTree = "<group>";
		};
/* End PBXGroup section */

/* Begin PBXNativeTarget section */
		8D1107260486CEB800E47090 /* SAPOPuny */ = {
			isa = PBXNativeTarget;
			buildConfigurationList = C01FCF4A08A954540054247B /* Build configuration list for PBXNativeTarget "SAPOPuny" */;
			buildPhases = (
				8D1107290486CEB800E47090 /* Resources */,
				0D21C3D7132012DE00A0B8BB /* Copy Frameworks */,
				8D11072C0486CEB800E47090 /* Sources */,
				8D11072E0486CEB800E47090 /* Frameworks */,
			);
			buildRules = (
			);
			dependencies = (
			);
			name = SAPOPuny;
			productInstallPath = "$(HOME)/Applications";
			productName = SAPOPuny;
			productReference = 8D1107320486CEB800E47090 /* SAPOPuny.app */;
			productType = "com.apple.product-type.application";
		};
/* End PBXNativeTarget section */

/* Begin PBXProject section */
		29B97313FDCFA39411CA2CEA /* Project object */ = {
			isa = PBXProject;
			buildConfigurationList = C01FCF4E08A954540054247B /* Build configuration list for PBXProject "SAPOPuny" */;
			compatibilityVersion = "Xcode 3.1";
			developmentRegion = English;
			hasScannedForEncodings = 1;
			knownRegions = (
				English,
				Japanese,
				French,
				German,
			);
			mainGroup = 29B97314FDCFA39411CA2CEA /* SAPOPuny */;
			projectDirPath = "";
			projectRoot = "";
			targets = (
				8D1107260486CEB800E47090 /* SAPOPuny */,
			);
		};
/* End PBXProject section */

/* Begin PBXResourcesBuildPhase section */
		8D1107290486CEB800E47090 /* Resources */ = {
			isa = PBXResourcesBuildPhase;
			buildActionMask = 2147483647;
			files = (
				8D11072B0486CEB800E47090 /* InfoPlist.strings in Resources */,
				1DDD58160DA1D0A300B32029 /* MainMenu.xib in Resources */,
				0D23F569132129340011B219 /* menubar-icon.png in Resources */,
			);
			runOnlyForDeploymentPostprocessing = 0;
		};
/* End PBXResourcesBuildPhase section */

/* Begin PBXSourcesBuildPhase section */
		8D11072C0486CEB800E47090 /* Sources */ = {
			isa = PBXSourcesBuildPhase;
			buildActionMask = 2147483647;
			files = (
				8D11072D0486CEB800E47090 /* main.m in Sources */,
				256AC3DA0F4B6AC300CF3369 /* AppDelegate.m in Sources */,
				0D21C3E2132012E900A0B8BB /* PTHotKey.m in Sources */,
				0D21C3E3132012E900A0B8BB /* PTHotKeyCenter.m in Sources */,
				0D21C3E4132012E900A0B8BB /* PTKeyCodeTranslator.m in Sources */,
				0D21C3E5132012E900A0B8BB /* PTKeyCombo.m in Sources */,
				0D95C66F1320153A00BD2C17 /* AppController.m in Sources */,
				0D23F55C13210B490011B219 /* URLShortener.m in Sources */,
				0D23F5A213212D480011B219 /* RegexKitLite.m in Sources */,
				0D23F5B913212FAC0011B219 /* SAPOPunyShorteningService.m in Sources */,
				0D23F5C9132131620011B219 /* URLShorteningService.m in Sources */,
				0D23F8C1132795B90011B219 /* GTMGatherInputStream.m in Sources */,
				0D23F8C2132795B90011B219 /* GTMHTTPFetcher.m in Sources */,
				0D23F8C3132795B90011B219 /* GTMHTTPFetcherLogging.m in Sources */,
				0D23F8C4132795B90011B219 /* GTMHTTPFetcherService.m in Sources */,
				0D23F8C5132795B90011B219 /* GTMHTTPFetchHistory.m in Sources */,
				0D23F8C6132795B90011B219 /* GTMHTTPUploadFetcher.m in Sources */,
				0D23F8C7132795B90011B219 /* GTMMIMEDocument.m in Sources */,
			);
			runOnlyForDeploymentPostprocessing = 0;
		};
/* End PBXSourcesBuildPhase section */

/* Begin PBXVariantGroup section */
		089C165CFE840E0CC02AAC07 /* InfoPlist.strings */ = {
			isa = PBXVariantGroup;
			children = (
				089C165DFE840E0CC02AAC07 /* English */,
			);
			name = InfoPlist.strings;
			sourceTree = "<group>";
		};
		1DDD58140DA1D0A300B32029 /* MainMenu.xib */ = {
			isa = PBXVariantGroup;
			children = (
				1DDD58150DA1D0A300B32029 /* English */,
			);
			name = MainMenu.xib;
			sourceTree = "<group>";
		};
/* End PBXVariantGroup section */

/* Begin XCBuildConfiguration section */
		C01FCF4B08A954540054247B /* Debug */ = {
			isa = XCBuildConfiguration;
			buildSettings = {
				ALWAYS_SEARCH_USER_PATHS = NO;
				COPY_PHASE_STRIP = NO;
				FRAMEWORK_SEARCH_PATHS = (
					"$(inherited)",
					"\"$(SRCROOT)/Frameworks\"",
				);
				GCC_DYNAMIC_NO_PIC = NO;
				GCC_ENABLE_FIX_AND_CONTINUE = YES;
				GCC_MODEL_TUNING = G5;
				GCC_OPTIMIZATION_LEVEL = 0;
				GCC_PRECOMPILE_PREFIX_HEADER = YES;
				GCC_PREFIX_HEADER = SAPOPuny_Prefix.pch;
				INFOPLIST_FILE = Info.plist;
				INSTALL_PATH = "$(HOME)/Applications";
				PRODUCT_NAME = SAPOPuny;
			};
			name = Debug;
		};
		C01FCF4C08A954540054247B /* Release */ = {
			isa = XCBuildConfiguration;
			buildSettings = {
				ALWAYS_SEARCH_USER_PATHS = NO;
				DEBUG_INFORMATION_FORMAT = "dwarf-with-dsym";
				FRAMEWORK_SEARCH_PATHS = (
					"$(inherited)",
					"\"$(SRCROOT)/Frameworks\"",
				);
				GCC_MODEL_TUNING = G5;
				GCC_PRECOMPILE_PREFIX_HEADER = YES;
				GCC_PREFIX_HEADER = SAPOPuny_Prefix.pch;
				INFOPLIST_FILE = Info.plist;
				INSTALL_PATH = "$(HOME)/Applications";
				PRODUCT_NAME = SAPOPuny;
			};
			name = Release;
		};
		C01FCF4F08A954540054247B /* Debug */ = {
			isa = XCBuildConfiguration;
			buildSettings = {
				ARCHS = "$(ARCHS_STANDARD_32_64_BIT)";
				GCC_C_LANGUAGE_STANDARD = gnu99;
				GCC_OPTIMIZATION_LEVEL = 0;
				GCC_WARN_ABOUT_RETURN_TYPE = YES;
				GCC_WARN_UNUSED_VARIABLE = YES;
				ONLY_ACTIVE_ARCH = YES;
				OTHER_CFLAGS = (
					"-DLOG_LEVEL=0",
					"-DDEBUGLOG",
					"-DDEBUG",
				);
				OTHER_LDFLAGS = "-licucore";
				PREBINDING = NO;
				SDKROOT = macosx10.6;
			};
			name = Debug;
		};
		C01FCF5008A954540054247B /* Release */ = {
			isa = XCBuildConfiguration;
			buildSettings = {
				ARCHS = "$(ARCHS_STANDARD_32_64_BIT)";
				GCC_C_LANGUAGE_STANDARD = gnu99;
				GCC_WARN_ABOUT_RETURN_TYPE = YES;
				GCC_WARN_UNUSED_VARIABLE = YES;
				PREBINDING = NO;
				SDKROOT = macosx10.6;
			};
			name = Release;
		};
/* End XCBuildConfiguration section */

/* Begin XCConfigurationList section */
		C01FCF4A08A954540054247B /* Build configuration list for PBXNativeTarget "SAPOPuny" */ = {
			isa = XCConfigurationList;
			buildConfigurations = (
				C01FCF4B08A954540054247B /* Debug */,
				C01FCF4C08A954540054247B /* Release */,
			);
			defaultConfigurationIsVisible = 0;
			defaultConfigurationName = Release;
		};
		C01FCF4E08A954540054247B /* Build configuration list for PBXProject "SAPOPuny" */ = {
			isa = XCConfigurationList;
			buildConfigurations = (
				C01FCF4F08A954540054247B /* Debug */,
				C01FCF5008A954540054247B /* Release */,
			);
			defaultConfigurationIsVisible = 0;
			defaultConfigurationName = Release;
		};
/* End XCConfigurationList section */
	};
	rootObject = 29B97313FDCFA39411CA2CEA /* Project object */;
}
