// !$*UTF8*$!
{
	archiveVersion = 1;
	classes = {
	};
	objectVersion = 45;
	objects = {

/* Begin PBXBuildFile section */
		0D164914134F282900BA1F60 /* menubar-icon-selected.png in Resources */ = {isa = PBXBuildFile; fileRef = 0D164913134F282900BA1F60 /* menubar-icon-selected.png */; };
		0D21C3C61320129400A0B8BB /* ShortcutRecorder.framework in Frameworks */ = {isa = PBXBuildFile; fileRef = 0D21C3C51320129400A0B8BB /* ShortcutRecorder.framework */; };
		0D21C3D2132012D600A0B8BB /* ShortcutRecorder.framework in Copy Frameworks */ = {isa = PBXBuildFile; fileRef = 0D21C3C51320129400A0B8BB /* ShortcutRecorder.framework */; };
		0D21C3EB1320130D00A0B8BB /* Carbon.framework in Frameworks */ = {isa = PBXBuildFile; fileRef = 0D21C3EA1320130D00A0B8BB /* Carbon.framework */; };
		0D230464132FCD370011B219 /* GTMNSString+URLArguments.m in Sources */ = {isa = PBXBuildFile; fileRef = 0D23043D132FCD370011B219 /* GTMNSString+URLArguments.m */; };
		0D230465132FCD370011B219 /* GTMGatherInputStream.m in Sources */ = {isa = PBXBuildFile; fileRef = 0D230442132FCD370011B219 /* GTMGatherInputStream.m */; };
		0D230466132FCD370011B219 /* GTMHTTPFetcher.m in Sources */ = {isa = PBXBuildFile; fileRef = 0D230444132FCD370011B219 /* GTMHTTPFetcher.m */; };
		0D230467132FCD370011B219 /* GTMHTTPFetcherLogging.m in Sources */ = {isa = PBXBuildFile; fileRef = 0D230446132FCD370011B219 /* GTMHTTPFetcherLogging.m */; };
		0D230468132FCD370011B219 /* GTMHTTPFetcherService.m in Sources */ = {isa = PBXBuildFile; fileRef = 0D230448132FCD370011B219 /* GTMHTTPFetcherService.m */; };
		0D230469132FCD370011B219 /* GTMHTTPFetchHistory.m in Sources */ = {isa = PBXBuildFile; fileRef = 0D23044A132FCD370011B219 /* GTMHTTPFetchHistory.m */; };
		0D23046A132FCD370011B219 /* GTMHTTPUploadFetcher.m in Sources */ = {isa = PBXBuildFile; fileRef = 0D23044C132FCD370011B219 /* GTMHTTPUploadFetcher.m */; };
		0D23046B132FCD370011B219 /* GTMMIMEDocument.m in Sources */ = {isa = PBXBuildFile; fileRef = 0D23044E132FCD370011B219 /* GTMMIMEDocument.m */; };
		0D23046C132FCD370011B219 /* PTHotKey.m in Sources */ = {isa = PBXBuildFile; fileRef = 0D230453132FCD370011B219 /* PTHotKey.m */; };
		0D23046D132FCD370011B219 /* PTHotKeyCenter.m in Sources */ = {isa = PBXBuildFile; fileRef = 0D230455132FCD370011B219 /* PTHotKeyCenter.m */; };
		0D23046E132FCD370011B219 /* PTKeyCodeTranslator.m in Sources */ = {isa = PBXBuildFile; fileRef = 0D230457132FCD370011B219 /* PTKeyCodeTranslator.m */; };
		0D23046F132FCD370011B219 /* PTKeyCombo.m in Sources */ = {isa = PBXBuildFile; fileRef = 0D230459132FCD370011B219 /* PTKeyCombo.m */; };
		0D230470132FCD370011B219 /* JSONKit.m in Sources */ = {isa = PBXBuildFile; fileRef = 0D23045C132FCD370011B219 /* JSONKit.m */; };
		0D230471132FCD370011B219 /* MAKVONotificationCenter.m in Sources */ = {isa = PBXBuildFile; fileRef = 0D23045F132FCD370011B219 /* MAKVONotificationCenter.m */; };
		0D230472132FCD370011B219 /* RegexKitLite.m in Sources */ = {isa = PBXBuildFile; fileRef = 0D230463132FCD370011B219 /* RegexKitLite.m */; };
		0D2304F3132FD1B10011B219 /* AppDelegate.m in Sources */ = {isa = PBXBuildFile; fileRef = 0D2304C4132FD1B10011B219 /* AppDelegate.m */; };
		0D2304F4132FD1B10011B219 /* AppController.m in Sources */ = {isa = PBXBuildFile; fileRef = 0D2304C6132FD1B10011B219 /* AppController.m */; };
		0D2304F5132FD1B10011B219 /* Constants.m in Sources */ = {isa = PBXBuildFile; fileRef = 0D2304CA132FD1B10011B219 /* Constants.m */; };
		0D2304F6132FD1B10011B219 /* NSBundle+Additions.m in Sources */ = {isa = PBXBuildFile; fileRef = 0D2304CE132FD1B10011B219 /* NSBundle+Additions.m */; };
		0D2304F7132FD1B10011B219 /* NSDictionary+Additions.m in Sources */ = {isa = PBXBuildFile; fileRef = 0D2304D0132FD1B10011B219 /* NSDictionary+Additions.m */; };
		0D2304F8132FD1B10011B219 /* NSManagedObject+Additions.m in Sources */ = {isa = PBXBuildFile; fileRef = 0D2304D2132FD1B10011B219 /* NSManagedObject+Additions.m */; };
		0D2304F9132FD1B10011B219 /* SKManagedObjectContextManager.m in Sources */ = {isa = PBXBuildFile; fileRef = 0D2304D4132FD1B10011B219 /* SKManagedObjectContextManager.m */; };
		0D2304FA132FD1B10011B219 /* URLCollectorGroup.m in Sources */ = {isa = PBXBuildFile; fileRef = 0D2304D8132FD1B10011B219 /* URLCollectorGroup.m */; };
		0D2304FB132FD1B10011B219 /* URLCollectorElement.m in Sources */ = {isa = PBXBuildFile; fileRef = 0D2304DA132FD1B10011B219 /* URLCollectorElement.m */; };
		0D2304FC132FD1B10011B219 /* URLCollectorContext.m in Sources */ = {isa = PBXBuildFile; fileRef = 0D2304DC132FD1B10011B219 /* URLCollectorContext.m */; };
		0D2304FD132FD1B10011B219 /* URLCollectorNode.m in Sources */ = {isa = PBXBuildFile; fileRef = 0D2304DE132FD1B10011B219 /* URLCollectorNode.m */; };
		0D2304FE132FD1B10011B219 /* URLCollectorContextRecognizer.m in Sources */ = {isa = PBXBuildFile; fileRef = 0D2304E2132FD1B10011B219 /* URLCollectorContextRecognizer.m */; };
		0D230500132FD1B10011B219 /* URLCollectorDataSource.m in Sources */ = {isa = PBXBuildFile; fileRef = 0D2304E7132FD1B10011B219 /* URLCollectorDataSource.m */; };
		0D230501132FD1B10011B219 /* SAPOPunyShorteningService.m in Sources */ = {isa = PBXBuildFile; fileRef = 0D2304EB132FD1B10011B219 /* SAPOPunyShorteningService.m */; };
		0D230502132FD1B10011B219 /* URLShortener.m in Sources */ = {isa = PBXBuildFile; fileRef = 0D2304ED132FD1B10011B219 /* URLShortener.m */; };
		0D230503132FD1B10011B219 /* URLShorteningService.m in Sources */ = {isa = PBXBuildFile; fileRef = 0D2304EF132FD1B10011B219 /* URLShorteningService.m */; };
		0D230504132FD1B10011B219 /* URLCollectorOutlineView.m in Sources */ = {isa = PBXBuildFile; fileRef = 0D2304F2132FD1B10011B219 /* URLCollectorOutlineView.m */; };
		0D230506132FD1C10011B219 /* BWToolkitFramework.framework in Frameworks */ = {isa = PBXBuildFile; fileRef = 0D230505132FD1C10011B219 /* BWToolkitFramework.framework */; };
		0D230507132FD1C80011B219 /* BWToolkitFramework.framework in Copy Frameworks */ = {isa = PBXBuildFile; fileRef = 0D230505132FD1C10011B219 /* BWToolkitFramework.framework */; };
		0D23050D132FD1EB0011B219 /* URLCollector.xcdatamodel in Sources */ = {isa = PBXBuildFile; fileRef = 0D23050C132FD1EB0011B219 /* URLCollector.xcdatamodel */; };
		0D23054A132FD5160011B219 /* AddressBookContextContentProvider.m in Sources */ = {isa = PBXBuildFile; fileRef = 0D230549132FD5160011B219 /* AddressBookContextContentProvider.m */; };
		0D230559132FD5430011B219 /* AdiumContextContentProvider.m in Sources */ = {isa = PBXBuildFile; fileRef = 0D230558132FD5430011B219 /* AdiumContextContentProvider.m */; };
		0D230561132FD59D0011B219 /* GenericContextContentProvider.m in Sources */ = {isa = PBXBuildFile; fileRef = 0D230560132FD59D0011B219 /* GenericContextContentProvider.m */; };
		0D230566132FD68F0011B219 /* iChatContextContentProvider.m in Sources */ = {isa = PBXBuildFile; fileRef = 0D230565132FD68F0011B219 /* iChatContextContentProvider.m */; };
		0D230569132FD6970011B219 /* iCalContextContentProvider.m in Sources */ = {isa = PBXBuildFile; fileRef = 0D230568132FD6970011B219 /* iCalContextContentProvider.m */; };
		0D23056C132FD69C0011B219 /* XcodeContextContentProvider.m in Sources */ = {isa = PBXBuildFile; fileRef = 0D23056B132FD69C0011B219 /* XcodeContextContentProvider.m */; };
		0D23056F132FD6A20011B219 /* MailContextContentProvider.m in Sources */ = {isa = PBXBuildFile; fileRef = 0D23056E132FD6A20011B219 /* MailContextContentProvider.m */; };
		0D230572132FD6B40011B219 /* SafariContextContentProvider.m in Sources */ = {isa = PBXBuildFile; fileRef = 0D230571132FD6B40011B219 /* SafariContextContentProvider.m */; };
		0D23059A132FDC7F0011B219 /* URLCollectorContextIdentity.m in Sources */ = {isa = PBXBuildFile; fileRef = 0D230599132FDC7F0011B219 /* URLCollectorContextIdentity.m */; };
		0D2305A4132FE0F70011B219 /* ScriptingBridge.framework in Frameworks */ = {isa = PBXBuildFile; fileRef = 0D2305A3132FE0F70011B219 /* ScriptingBridge.framework */; };
		0D2305B4132FE25D0011B219 /* URLCollectorContextContentProvider.m in Sources */ = {isa = PBXBuildFile; fileRef = 0D2305B3132FE25D0011B219 /* URLCollectorContextContentProvider.m */; };
		0D230D1C133280870011B219 /* GTMFileSystemKQueue.m in Sources */ = {isa = PBXBuildFile; fileRef = 0D230D1B133280870011B219 /* GTMFileSystemKQueue.m */; };
		0D2310321337762F0011B219 /* StatusItemDraggingDestinationView.m in Sources */ = {isa = PBXBuildFile; fileRef = 0D2310311337762F0011B219 /* StatusItemDraggingDestinationView.m */; };
		0D2311931337A6A80011B219 /* URLCollectorElementCell.m in Sources */ = {isa = PBXBuildFile; fileRef = 0D2311921337A6A80011B219 /* URLCollectorElementCell.m */; };
		0D23137D1337B7060011B219 /* URLCollectorGroupCell.m in Sources */ = {isa = PBXBuildFile; fileRef = 0D23137C1337B7060011B219 /* URLCollectorGroupCell.m */; };
		0D231CD0133BAC540011B219 /* URLCollectorContentClassifier.m in Sources */ = {isa = PBXBuildFile; fileRef = 0D231CCF133BAC540011B219 /* URLCollectorContentClassifier.m */; };
		0D231CD3133BAEC30011B219 /* URLCollectorClassifyURLOperation.m in Sources */ = {isa = PBXBuildFile; fileRef = 0D231CD2133BAEC30011B219 /* URLCollectorClassifyURLOperation.m */; };
		0D231CD6133BB08B0011B219 /* Globals.m in Sources */ = {isa = PBXBuildFile; fileRef = 0D231CD5133BB08B0011B219 /* Globals.m */; };
		0D231E0B133CE20D0011B219 /* TFHpple.m in Sources */ = {isa = PBXBuildFile; fileRef = 0D231E06133CE20D0011B219 /* TFHpple.m */; };
		0D231E0C133CE20D0011B219 /* TFHppleElement.m in Sources */ = {isa = PBXBuildFile; fileRef = 0D231E08133CE20D0011B219 /* TFHppleElement.m */; };
		0D231E0D133CE20D0011B219 /* XPathQuery.m in Sources */ = {isa = PBXBuildFile; fileRef = 0D231E0A133CE20D0011B219 /* XPathQuery.m */; };
		0D2321391340E6220011B219 /* NSBezierPath+AMShading.m in Sources */ = {isa = PBXBuildFile; fileRef = 0D2321381340E6220011B219 /* NSBezierPath+AMShading.m */; };
		0D2322251341E4C00011B219 /* UCNavigationController.m in Sources */ = {isa = PBXBuildFile; fileRef = 0D2322241341E4C00011B219 /* UCNavigationController.m */; };
		0D8BCEDA1332A2EB0079E647 /* URLCollectorDatabaseSynchronizer.m in Sources */ = {isa = PBXBuildFile; fileRef = 0D8BCED91332A2EB0079E647 /* URLCollectorDatabaseSynchronizer.m */; };
		0D8BCEDF1332A3750079E647 /* URLCollectorDatabaseManager.m in Sources */ = {isa = PBXBuildFile; fileRef = 0D8BCEDE1332A3750079E647 /* URLCollectorDatabaseManager.m */; };
		0DA2903A13436ECF000FC202 /* Sparkle.framework in Frameworks */ = {isa = PBXBuildFile; fileRef = 0DA2903913436ECF000FC202 /* Sparkle.framework */; };
		0DA2907B13436EDD000FC202 /* Sparkle.framework in Copy Frameworks */ = {isa = PBXBuildFile; fileRef = 0DA2903913436ECF000FC202 /* Sparkle.framework */; };
		0DA2909E1343702A000FC202 /* dsa_pub.pem in Resources */ = {isa = PBXBuildFile; fileRef = 0DA2909D1343702A000FC202 /* dsa_pub.pem */; };
		0DA292991343990C000FC202 /* UCIdentityDetailViewController.m in Sources */ = {isa = PBXBuildFile; fileRef = 0DA292981343990C000FC202 /* UCIdentityDetailViewController.m */; };
		0DA2929C13439922000FC202 /* UCURLDetailViewController.m in Sources */ = {isa = PBXBuildFile; fileRef = 0DA2929B13439922000FC202 /* UCURLDetailViewController.m */; };
		0DA292FA13448769000FC202 /* URLDetailView.xib in Resources */ = {isa = PBXBuildFile; fileRef = 0DA292F913448769000FC202 /* URLDetailView.xib */; };
		0DA292FC13448773000FC202 /* IdentityDetailView.xib in Resources */ = {isa = PBXBuildFile; fileRef = 0DA292FB13448773000FC202 /* IdentityDetailView.xib */; };
		0DA294201344E507000FC202 /* ChromeContextContentProvider.m in Sources */ = {isa = PBXBuildFile; fileRef = 0DA2941F1344E507000FC202 /* ChromeContextContentProvider.m */; };
		0DA294BE1345DBBD000FC202 /* menubar-icon.png in Resources */ = {isa = PBXBuildFile; fileRef = 0DA294BD1345DBBD000FC202 /* menubar-icon.png */; };
		0DA295E013462717000FC202 /* NSString+Additions.m in Sources */ = {isa = PBXBuildFile; fileRef = 0DA295DF13462717000FC202 /* NSString+Additions.m */; };
		0DA296CC1349D4B2000FC202 /* UCImageLoader.m in Sources */ = {isa = PBXBuildFile; fileRef = 0DA296CB1349D4B2000FC202 /* UCImageLoader.m */; };
		1DDD58160DA1D0A300B32029 /* MainMenu.xib in Resources */ = {isa = PBXBuildFile; fileRef = 1DDD58140DA1D0A300B32029 /* MainMenu.xib */; };
		8D11072B0486CEB800E47090 /* InfoPlist.strings in Resources */ = {isa = PBXBuildFile; fileRef = 089C165CFE840E0CC02AAC07 /* InfoPlist.strings */; };
		8D11072D0486CEB800E47090 /* main.m in Sources */ = {isa = PBXBuildFile; fileRef = 29B97316FDCFA39411CA2CEA /* main.m */; settings = {ATTRIBUTES = (); }; };
		8D11072F0486CEB800E47090 /* Cocoa.framework in Frameworks */ = {isa = PBXBuildFile; fileRef = 1058C7A1FEA54F0111CA2CBB /* Cocoa.framework */; };
/* End PBXBuildFile section */

/* Begin PBXCopyFilesBuildPhase section */
		0D21C3D7132012DE00A0B8BB /* Copy Frameworks */ = {
			isa = PBXCopyFilesBuildPhase;
			buildActionMask = 2147483647;
			dstPath = "";
			dstSubfolderSpec = 10;
			files = (
				0DA2907B13436EDD000FC202 /* Sparkle.framework in Copy Frameworks */,
				0D230507132FD1C80011B219 /* BWToolkitFramework.framework in Copy Frameworks */,
				0D21C3D2132012D600A0B8BB /* ShortcutRecorder.framework in Copy Frameworks */,
			);
			name = "Copy Frameworks";
			runOnlyForDeploymentPostprocessing = 0;
		};
/* End PBXCopyFilesBuildPhase section */

/* Begin PBXFileReference section */
		089C165DFE840E0CC02AAC07 /* English */ = {isa = PBXFileReference; fileEncoding = 4; lastKnownFileType = text.plist.strings; name = English; path = English.lproj/InfoPlist.strings; sourceTree = "<group>"; };
		0D164913134F282900BA1F60 /* menubar-icon-selected.png */ = {isa = PBXFileReference; lastKnownFileType = image.png; path = "menubar-icon-selected.png"; sourceTree = "<group>"; };
		0D21C3C51320129400A0B8BB /* ShortcutRecorder.framework */ = {isa = PBXFileReference; lastKnownFileType = wrapper.framework; name = ShortcutRecorder.framework; path = Frameworks/ShortcutRecorder.framework; sourceTree = "<group>"; };
		0D21C3EA1320130D00A0B8BB /* Carbon.framework */ = {isa = PBXFileReference; lastKnownFileType = wrapper.framework; name = Carbon.framework; path = System/Library/Frameworks/Carbon.framework; sourceTree = SDKROOT; };
		0D23043B132FCD370011B219 /* GTMGarbageCollection.h */ = {isa = PBXFileReference; fileEncoding = 4; lastKnownFileType = sourcecode.c.h; path = GTMGarbageCollection.h; sourceTree = "<group>"; };
		0D23043C132FCD370011B219 /* GTMNSString+URLArguments.h */ = {isa = PBXFileReference; fileEncoding = 4; lastKnownFileType = sourcecode.c.h; path = "GTMNSString+URLArguments.h"; sourceTree = "<group>"; };
		0D23043D132FCD370011B219 /* GTMNSString+URLArguments.m */ = {isa = PBXFileReference; fileEncoding = 4; lastKnownFileType = sourcecode.c.objc; path = "GTMNSString+URLArguments.m"; sourceTree = "<group>"; };
		0D23043E132FCD370011B219 /* GTMDefines.h */ = {isa = PBXFileReference; fileEncoding = 4; lastKnownFileType = sourcecode.c.h; path = GTMDefines.h; sourceTree = "<group>"; };
		0D230441132FCD370011B219 /* GTMGatherInputStream.h */ = {isa = PBXFileReference; fileEncoding = 4; lastKnownFileType = sourcecode.c.h; path = GTMGatherInputStream.h; sourceTree = "<group>"; };
		0D230442132FCD370011B219 /* GTMGatherInputStream.m */ = {isa = PBXFileReference; fileEncoding = 4; lastKnownFileType = sourcecode.c.objc; path = GTMGatherInputStream.m; sourceTree = "<group>"; };
		0D230443132FCD370011B219 /* GTMHTTPFetcher.h */ = {isa = PBXFileReference; fileEncoding = 4; lastKnownFileType = sourcecode.c.h; path = GTMHTTPFetcher.h; sourceTree = "<group>"; };
		0D230444132FCD370011B219 /* GTMHTTPFetcher.m */ = {isa = PBXFileReference; fileEncoding = 4; lastKnownFileType = sourcecode.c.objc; path = GTMHTTPFetcher.m; sourceTree = "<group>"; };
		0D230445132FCD370011B219 /* GTMHTTPFetcherLogging.h */ = {isa = PBXFileReference; fileEncoding = 4; lastKnownFileType = sourcecode.c.h; path = GTMHTTPFetcherLogging.h; sourceTree = "<group>"; };
		0D230446132FCD370011B219 /* GTMHTTPFetcherLogging.m */ = {isa = PBXFileReference; fileEncoding = 4; lastKnownFileType = sourcecode.c.objc; path = GTMHTTPFetcherLogging.m; sourceTree = "<group>"; };
		0D230447132FCD370011B219 /* GTMHTTPFetcherService.h */ = {isa = PBXFileReference; fileEncoding = 4; lastKnownFileType = sourcecode.c.h; path = GTMHTTPFetcherService.h; sourceTree = "<group>"; };
		0D230448132FCD370011B219 /* GTMHTTPFetcherService.m */ = {isa = PBXFileReference; fileEncoding = 4; lastKnownFileType = sourcecode.c.objc; path = GTMHTTPFetcherService.m; sourceTree = "<group>"; };
		0D230449132FCD370011B219 /* GTMHTTPFetchHistory.h */ = {isa = PBXFileReference; fileEncoding = 4; lastKnownFileType = sourcecode.c.h; path = GTMHTTPFetchHistory.h; sourceTree = "<group>"; };
		0D23044A132FCD370011B219 /* GTMHTTPFetchHistory.m */ = {isa = PBXFileReference; fileEncoding = 4; lastKnownFileType = sourcecode.c.objc; path = GTMHTTPFetchHistory.m; sourceTree = "<group>"; };
		0D23044B132FCD370011B219 /* GTMHTTPUploadFetcher.h */ = {isa = PBXFileReference; fileEncoding = 4; lastKnownFileType = sourcecode.c.h; path = GTMHTTPUploadFetcher.h; sourceTree = "<group>"; };
		0D23044C132FCD370011B219 /* GTMHTTPUploadFetcher.m */ = {isa = PBXFileReference; fileEncoding = 4; lastKnownFileType = sourcecode.c.objc; path = GTMHTTPUploadFetcher.m; sourceTree = "<group>"; };
		0D23044D132FCD370011B219 /* GTMMIMEDocument.h */ = {isa = PBXFileReference; fileEncoding = 4; lastKnownFileType = sourcecode.c.h; path = GTMMIMEDocument.h; sourceTree = "<group>"; };
		0D23044E132FCD370011B219 /* GTMMIMEDocument.m */ = {isa = PBXFileReference; fileEncoding = 4; lastKnownFileType = sourcecode.c.objc; path = GTMMIMEDocument.m; sourceTree = "<group>"; };
		0D230452132FCD370011B219 /* PTHotKey.h */ = {isa = PBXFileReference; fileEncoding = 4; lastKnownFileType = sourcecode.c.h; path = PTHotKey.h; sourceTree = "<group>"; };
		0D230453132FCD370011B219 /* PTHotKey.m */ = {isa = PBXFileReference; fileEncoding = 4; lastKnownFileType = sourcecode.c.objc; path = PTHotKey.m; sourceTree = "<group>"; };
		0D230454132FCD370011B219 /* PTHotKeyCenter.h */ = {isa = PBXFileReference; fileEncoding = 4; lastKnownFileType = sourcecode.c.h; path = PTHotKeyCenter.h; sourceTree = "<group>"; };
		0D230455132FCD370011B219 /* PTHotKeyCenter.m */ = {isa = PBXFileReference; fileEncoding = 4; lastKnownFileType = sourcecode.c.objc; path = PTHotKeyCenter.m; sourceTree = "<group>"; };
		0D230456132FCD370011B219 /* PTKeyCodeTranslator.h */ = {isa = PBXFileReference; fileEncoding = 4; lastKnownFileType = sourcecode.c.h; path = PTKeyCodeTranslator.h; sourceTree = "<group>"; };
		0D230457132FCD370011B219 /* PTKeyCodeTranslator.m */ = {isa = PBXFileReference; fileEncoding = 4; lastKnownFileType = sourcecode.c.objc; path = PTKeyCodeTranslator.m; sourceTree = "<group>"; };
		0D230458132FCD370011B219 /* PTKeyCombo.h */ = {isa = PBXFileReference; fileEncoding = 4; lastKnownFileType = sourcecode.c.h; path = PTKeyCombo.h; sourceTree = "<group>"; };
		0D230459132FCD370011B219 /* PTKeyCombo.m */ = {isa = PBXFileReference; fileEncoding = 4; lastKnownFileType = sourcecode.c.objc; path = PTKeyCombo.m; sourceTree = "<group>"; };
		0D23045B132FCD370011B219 /* JSONKit.h */ = {isa = PBXFileReference; fileEncoding = 4; lastKnownFileType = sourcecode.c.h; path = JSONKit.h; sourceTree = "<group>"; };
		0D23045C132FCD370011B219 /* JSONKit.m */ = {isa = PBXFileReference; fileEncoding = 4; lastKnownFileType = sourcecode.c.objc; path = JSONKit.m; sourceTree = "<group>"; };
		0D23045E132FCD370011B219 /* MAKVONotificationCenter.h */ = {isa = PBXFileReference; fileEncoding = 4; lastKnownFileType = sourcecode.c.h; path = MAKVONotificationCenter.h; sourceTree = "<group>"; };
		0D23045F132FCD370011B219 /* MAKVONotificationCenter.m */ = {isa = PBXFileReference; fileEncoding = 4; lastKnownFileType = sourcecode.c.objc; path = MAKVONotificationCenter.m; sourceTree = "<group>"; };
		0D230462132FCD370011B219 /* RegexKitLite.h */ = {isa = PBXFileReference; fileEncoding = 4; lastKnownFileType = sourcecode.c.h; path = RegexKitLite.h; sourceTree = "<group>"; };
		0D230463132FCD370011B219 /* RegexKitLite.m */ = {isa = PBXFileReference; fileEncoding = 4; lastKnownFileType = sourcecode.c.objc; path = RegexKitLite.m; sourceTree = "<group>"; };
		0D230474132FCD3F0011B219 /* AddressBook.h */ = {isa = PBXFileReference; fileEncoding = 4; lastKnownFileType = sourcecode.c.h; path = AddressBook.h; sourceTree = "<group>"; };
		0D230475132FCD3F0011B219 /* Adium.h */ = {isa = PBXFileReference; fileEncoding = 4; lastKnownFileType = sourcecode.c.h; path = Adium.h; sourceTree = "<group>"; };
		0D230476132FCD3F0011B219 /* iCal.h */ = {isa = PBXFileReference; fileEncoding = 4; lastKnownFileType = sourcecode.c.h; path = iCal.h; sourceTree = "<group>"; };
		0D230477132FCD3F0011B219 /* iChat.h */ = {isa = PBXFileReference; fileEncoding = 4; lastKnownFileType = sourcecode.c.h; path = iChat.h; sourceTree = "<group>"; };
		0D230478132FCD3F0011B219 /* Mail.h */ = {isa = PBXFileReference; fileEncoding = 4; lastKnownFileType = sourcecode.c.h; path = Mail.h; sourceTree = "<group>"; };
		0D230479132FCD3F0011B219 /* Safari.h */ = {isa = PBXFileReference; fileEncoding = 4; lastKnownFileType = sourcecode.c.h; path = Safari.h; sourceTree = "<group>"; };
		0D23047A132FCD3F0011B219 /* Xcode.h */ = {isa = PBXFileReference; fileEncoding = 4; lastKnownFileType = sourcecode.c.h; path = Xcode.h; sourceTree = "<group>"; };
		0D2304C3132FD1B10011B219 /* AppDelegate.h */ = {isa = PBXFileReference; fileEncoding = 4; lastKnownFileType = sourcecode.c.h; path = AppDelegate.h; sourceTree = "<group>"; };
		0D2304C4132FD1B10011B219 /* AppDelegate.m */ = {isa = PBXFileReference; fileEncoding = 4; lastKnownFileType = sourcecode.c.objc; path = AppDelegate.m; sourceTree = "<group>"; };
		0D2304C5132FD1B10011B219 /* AppController.h */ = {isa = PBXFileReference; fileEncoding = 4; lastKnownFileType = sourcecode.c.h; path = AppController.h; sourceTree = "<group>"; };
		0D2304C6132FD1B10011B219 /* AppController.m */ = {isa = PBXFileReference; fileEncoding = 4; lastKnownFileType = sourcecode.c.objc; path = AppController.m; sourceTree = "<group>"; };
		0D2304C8132FD1B10011B219 /* Additions.h */ = {isa = PBXFileReference; fileEncoding = 4; lastKnownFileType = sourcecode.c.h; path = Additions.h; sourceTree = "<group>"; };
		0D2304C9132FD1B10011B219 /* Constants.h */ = {isa = PBXFileReference; fileEncoding = 4; lastKnownFileType = sourcecode.c.h; path = Constants.h; sourceTree = "<group>"; };
		0D2304CA132FD1B10011B219 /* Constants.m */ = {isa = PBXFileReference; fileEncoding = 4; lastKnownFileType = sourcecode.c.objc; path = Constants.m; sourceTree = "<group>"; };
		0D2304CB132FD1B10011B219 /* Logging.h */ = {isa = PBXFileReference; fileEncoding = 4; lastKnownFileType = sourcecode.c.h; path = Logging.h; sourceTree = "<group>"; };
		0D2304CC132FD1B10011B219 /* Macros.h */ = {isa = PBXFileReference; fileEncoding = 4; lastKnownFileType = sourcecode.c.h; path = Macros.h; sourceTree = "<group>"; };
		0D2304CD132FD1B10011B219 /* NSBundle+Additions.h */ = {isa = PBXFileReference; fileEncoding = 4; lastKnownFileType = sourcecode.c.h; path = "NSBundle+Additions.h"; sourceTree = "<group>"; };
		0D2304CE132FD1B10011B219 /* NSBundle+Additions.m */ = {isa = PBXFileReference; fileEncoding = 4; lastKnownFileType = sourcecode.c.objc; path = "NSBundle+Additions.m"; sourceTree = "<group>"; };
		0D2304CF132FD1B10011B219 /* NSDictionary+Additions.h */ = {isa = PBXFileReference; fileEncoding = 4; lastKnownFileType = sourcecode.c.h; path = "NSDictionary+Additions.h"; sourceTree = "<group>"; };
		0D2304D0132FD1B10011B219 /* NSDictionary+Additions.m */ = {isa = PBXFileReference; fileEncoding = 4; lastKnownFileType = sourcecode.c.objc; path = "NSDictionary+Additions.m"; sourceTree = "<group>"; };
		0D2304D1132FD1B10011B219 /* NSManagedObject+Additions.h */ = {isa = PBXFileReference; fileEncoding = 4; lastKnownFileType = sourcecode.c.h; path = "NSManagedObject+Additions.h"; sourceTree = "<group>"; };
		0D2304D2132FD1B10011B219 /* NSManagedObject+Additions.m */ = {isa = PBXFileReference; fileEncoding = 4; lastKnownFileType = sourcecode.c.objc; path = "NSManagedObject+Additions.m"; sourceTree = "<group>"; };
		0D2304D3132FD1B10011B219 /* SKManagedObjectContextManager.h */ = {isa = PBXFileReference; fileEncoding = 4; lastKnownFileType = sourcecode.c.h; path = SKManagedObjectContextManager.h; sourceTree = "<group>"; };
		0D2304D4132FD1B10011B219 /* SKManagedObjectContextManager.m */ = {isa = PBXFileReference; fileEncoding = 4; lastKnownFileType = sourcecode.c.objc; path = SKManagedObjectContextManager.m; sourceTree = "<group>"; };
		0D2304D5132FD1B10011B219 /* SKObjectSingleton.h */ = {isa = PBXFileReference; fileEncoding = 4; lastKnownFileType = sourcecode.c.h; path = SKObjectSingleton.h; sourceTree = "<group>"; };
		0D2304D7132FD1B10011B219 /* URLCollectorGroup.h */ = {isa = PBXFileReference; fileEncoding = 4; lastKnownFileType = sourcecode.c.h; path = URLCollectorGroup.h; sourceTree = "<group>"; };
		0D2304D8132FD1B10011B219 /* URLCollectorGroup.m */ = {isa = PBXFileReference; fileEncoding = 4; lastKnownFileType = sourcecode.c.objc; path = URLCollectorGroup.m; sourceTree = "<group>"; };
		0D2304D9132FD1B10011B219 /* URLCollectorElement.h */ = {isa = PBXFileReference; fileEncoding = 4; lastKnownFileType = sourcecode.c.h; path = URLCollectorElement.h; sourceTree = "<group>"; };
		0D2304DA132FD1B10011B219 /* URLCollectorElement.m */ = {isa = PBXFileReference; fileEncoding = 4; lastKnownFileType = sourcecode.c.objc; path = URLCollectorElement.m; sourceTree = "<group>"; };
		0D2304DB132FD1B10011B219 /* URLCollectorContext.h */ = {isa = PBXFileReference; fileEncoding = 4; lastKnownFileType = sourcecode.c.h; path = URLCollectorContext.h; sourceTree = "<group>"; };
		0D2304DC132FD1B10011B219 /* URLCollectorContext.m */ = {isa = PBXFileReference; fileEncoding = 4; lastKnownFileType = sourcecode.c.objc; path = URLCollectorContext.m; sourceTree = "<group>"; };
		0D2304DD132FD1B10011B219 /* URLCollectorNode.h */ = {isa = PBXFileReference; fileEncoding = 4; lastKnownFileType = sourcecode.c.h; path = URLCollectorNode.h; sourceTree = "<group>"; };
		0D2304DE132FD1B10011B219 /* URLCollectorNode.m */ = {isa = PBXFileReference; fileEncoding = 4; lastKnownFileType = sourcecode.c.objc; path = URLCollectorNode.m; sourceTree = "<group>"; };
		0D2304E1132FD1B10011B219 /* URLCollectorContextRecognizer.h */ = {isa = PBXFileReference; fileEncoding = 4; lastKnownFileType = sourcecode.c.h; path = URLCollectorContextRecognizer.h; sourceTree = "<group>"; };
		0D2304E2132FD1B10011B219 /* URLCollectorContextRecognizer.m */ = {isa = PBXFileReference; fileEncoding = 4; lastKnownFileType = sourcecode.c.objc; path = URLCollectorContextRecognizer.m; sourceTree = "<group>"; };
		0D2304E6132FD1B10011B219 /* URLCollectorDataSource.h */ = {isa = PBXFileReference; fileEncoding = 4; lastKnownFileType = sourcecode.c.h; path = URLCollectorDataSource.h; sourceTree = "<group>"; };
		0D2304E7132FD1B10011B219 /* URLCollectorDataSource.m */ = {isa = PBXFileReference; fileEncoding = 4; lastKnownFileType = sourcecode.c.objc; path = URLCollectorDataSource.m; sourceTree = "<group>"; };
		0D2304EA132FD1B10011B219 /* SAPOPunyShorteningService.h */ = {isa = PBXFileReference; fileEncoding = 4; lastKnownFileType = sourcecode.c.h; path = SAPOPunyShorteningService.h; sourceTree = "<group>"; };
		0D2304EB132FD1B10011B219 /* SAPOPunyShorteningService.m */ = {isa = PBXFileReference; fileEncoding = 4; lastKnownFileType = sourcecode.c.objc; path = SAPOPunyShorteningService.m; sourceTree = "<group>"; };
		0D2304EC132FD1B10011B219 /* URLShortener.h */ = {isa = PBXFileReference; fileEncoding = 4; lastKnownFileType = sourcecode.c.h; path = URLShortener.h; sourceTree = "<group>"; };
		0D2304ED132FD1B10011B219 /* URLShortener.m */ = {isa = PBXFileReference; fileEncoding = 4; lastKnownFileType = sourcecode.c.objc; path = URLShortener.m; sourceTree = "<group>"; };
		0D2304EE132FD1B10011B219 /* URLShorteningService.h */ = {isa = PBXFileReference; fileEncoding = 4; lastKnownFileType = sourcecode.c.h; path = URLShorteningService.h; sourceTree = "<group>"; };
		0D2304EF132FD1B10011B219 /* URLShorteningService.m */ = {isa = PBXFileReference; fileEncoding = 4; lastKnownFileType = sourcecode.c.objc; path = URLShorteningService.m; sourceTree = "<group>"; };
		0D2304F1132FD1B10011B219 /* URLCollectorOutlineView.h */ = {isa = PBXFileReference; fileEncoding = 4; lastKnownFileType = sourcecode.c.h; path = URLCollectorOutlineView.h; sourceTree = "<group>"; };
		0D2304F2132FD1B10011B219 /* URLCollectorOutlineView.m */ = {isa = PBXFileReference; fileEncoding = 4; lastKnownFileType = sourcecode.c.objc; path = URLCollectorOutlineView.m; sourceTree = "<group>"; };
		0D230505132FD1C10011B219 /* BWToolkitFramework.framework */ = {isa = PBXFileReference; lastKnownFileType = wrapper.framework; name = BWToolkitFramework.framework; path = Library/Frameworks/BWToolkitFramework.framework; sourceTree = SDKROOT; };
		0D23050C132FD1EB0011B219 /* URLCollector.xcdatamodel */ = {isa = PBXFileReference; fileEncoding = 4; lastKnownFileType = wrapper.xcdatamodel; path = URLCollector.xcdatamodel; sourceTree = "<group>"; };
		0D230548132FD5160011B219 /* AddressBookContextContentProvider.h */ = {isa = PBXFileReference; fileEncoding = 4; lastKnownFileType = sourcecode.c.h; path = AddressBookContextContentProvider.h; sourceTree = "<group>"; };
		0D230549132FD5160011B219 /* AddressBookContextContentProvider.m */ = {isa = PBXFileReference; fileEncoding = 4; lastKnownFileType = sourcecode.c.objc; path = AddressBookContextContentProvider.m; sourceTree = "<group>"; };
		0D230557132FD5430011B219 /* AdiumContextContentProvider.h */ = {isa = PBXFileReference; fileEncoding = 4; lastKnownFileType = sourcecode.c.h; path = AdiumContextContentProvider.h; sourceTree = "<group>"; };
		0D230558132FD5430011B219 /* AdiumContextContentProvider.m */ = {isa = PBXFileReference; fileEncoding = 4; lastKnownFileType = sourcecode.c.objc; path = AdiumContextContentProvider.m; sourceTree = "<group>"; };
		0D23055F132FD59D0011B219 /* GenericContextContentProvider.h */ = {isa = PBXFileReference; fileEncoding = 4; lastKnownFileType = sourcecode.c.h; path = GenericContextContentProvider.h; sourceTree = "<group>"; };
		0D230560132FD59D0011B219 /* GenericContextContentProvider.m */ = {isa = PBXFileReference; fileEncoding = 4; lastKnownFileType = sourcecode.c.objc; path = GenericContextContentProvider.m; sourceTree = "<group>"; };
		0D230564132FD68F0011B219 /* iChatContextContentProvider.h */ = {isa = PBXFileReference; fileEncoding = 4; lastKnownFileType = sourcecode.c.h; path = iChatContextContentProvider.h; sourceTree = "<group>"; };
		0D230565132FD68F0011B219 /* iChatContextContentProvider.m */ = {isa = PBXFileReference; fileEncoding = 4; lastKnownFileType = sourcecode.c.objc; path = iChatContextContentProvider.m; sourceTree = "<group>"; };
		0D230567132FD6970011B219 /* iCalContextContentProvider.h */ = {isa = PBXFileReference; fileEncoding = 4; lastKnownFileType = sourcecode.c.h; path = iCalContextContentProvider.h; sourceTree = "<group>"; };
		0D230568132FD6970011B219 /* iCalContextContentProvider.m */ = {isa = PBXFileReference; fileEncoding = 4; lastKnownFileType = sourcecode.c.objc; path = iCalContextContentProvider.m; sourceTree = "<group>"; };
		0D23056A132FD69C0011B219 /* XcodeContextContentProvider.h */ = {isa = PBXFileReference; fileEncoding = 4; lastKnownFileType = sourcecode.c.h; path = XcodeContextContentProvider.h; sourceTree = "<group>"; };
		0D23056B132FD69C0011B219 /* XcodeContextContentProvider.m */ = {isa = PBXFileReference; fileEncoding = 4; lastKnownFileType = sourcecode.c.objc; path = XcodeContextContentProvider.m; sourceTree = "<group>"; };
		0D23056D132FD6A20011B219 /* MailContextContentProvider.h */ = {isa = PBXFileReference; fileEncoding = 4; lastKnownFileType = sourcecode.c.h; path = MailContextContentProvider.h; sourceTree = "<group>"; };
		0D23056E132FD6A20011B219 /* MailContextContentProvider.m */ = {isa = PBXFileReference; fileEncoding = 4; lastKnownFileType = sourcecode.c.objc; path = MailContextContentProvider.m; sourceTree = "<group>"; };
		0D230570132FD6B40011B219 /* SafariContextContentProvider.h */ = {isa = PBXFileReference; fileEncoding = 4; lastKnownFileType = sourcecode.c.h; path = SafariContextContentProvider.h; sourceTree = "<group>"; };
		0D230571132FD6B40011B219 /* SafariContextContentProvider.m */ = {isa = PBXFileReference; fileEncoding = 4; lastKnownFileType = sourcecode.c.objc; path = SafariContextContentProvider.m; sourceTree = "<group>"; };
		0D230598132FDC7F0011B219 /* URLCollectorContextIdentity.h */ = {isa = PBXFileReference; fileEncoding = 4; lastKnownFileType = sourcecode.c.h; path = URLCollectorContextIdentity.h; sourceTree = "<group>"; };
		0D230599132FDC7F0011B219 /* URLCollectorContextIdentity.m */ = {isa = PBXFileReference; fileEncoding = 4; lastKnownFileType = sourcecode.c.objc; path = URLCollectorContextIdentity.m; sourceTree = "<group>"; };
		0D2305A3132FE0F70011B219 /* ScriptingBridge.framework */ = {isa = PBXFileReference; lastKnownFileType = wrapper.framework; name = ScriptingBridge.framework; path = System/Library/Frameworks/ScriptingBridge.framework; sourceTree = SDKROOT; };
		0D2305B2132FE25D0011B219 /* URLCollectorContextContentProvider.h */ = {isa = PBXFileReference; fileEncoding = 4; lastKnownFileType = sourcecode.c.h; path = URLCollectorContextContentProvider.h; sourceTree = "<group>"; };
		0D2305B3132FE25D0011B219 /* URLCollectorContextContentProvider.m */ = {isa = PBXFileReference; fileEncoding = 4; lastKnownFileType = sourcecode.c.objc; path = URLCollectorContextContentProvider.m; sourceTree = "<group>"; };
		0D230D1A133280870011B219 /* GTMFileSystemKQueue.h */ = {isa = PBXFileReference; fileEncoding = 4; lastKnownFileType = sourcecode.c.h; path = GTMFileSystemKQueue.h; sourceTree = "<group>"; };
		0D230D1B133280870011B219 /* GTMFileSystemKQueue.m */ = {isa = PBXFileReference; fileEncoding = 4; lastKnownFileType = sourcecode.c.objc; path = GTMFileSystemKQueue.m; sourceTree = "<group>"; };
		0D230D21133280D30011B219 /* GTMDebugSelectorValidation.h */ = {isa = PBXFileReference; fileEncoding = 4; lastKnownFileType = sourcecode.c.h; path = GTMDebugSelectorValidation.h; sourceTree = "<group>"; };
		0D230D22133280D30011B219 /* GTMTypeCasting.h */ = {isa = PBXFileReference; fileEncoding = 4; lastKnownFileType = sourcecode.c.h; path = GTMTypeCasting.h; sourceTree = "<group>"; };
		0D2310301337762F0011B219 /* StatusItemDraggingDestinationView.h */ = {isa = PBXFileReference; fileEncoding = 4; lastKnownFileType = sourcecode.c.h; path = StatusItemDraggingDestinationView.h; sourceTree = "<group>"; };
		0D2310311337762F0011B219 /* StatusItemDraggingDestinationView.m */ = {isa = PBXFileReference; fileEncoding = 4; lastKnownFileType = sourcecode.c.objc; path = StatusItemDraggingDestinationView.m; sourceTree = "<group>"; };
		0D2311911337A6A80011B219 /* URLCollectorElementCell.h */ = {isa = PBXFileReference; fileEncoding = 4; lastKnownFileType = sourcecode.c.h; path = URLCollectorElementCell.h; sourceTree = "<group>"; };
		0D2311921337A6A80011B219 /* URLCollectorElementCell.m */ = {isa = PBXFileReference; fileEncoding = 4; lastKnownFileType = sourcecode.c.objc; path = URLCollectorElementCell.m; sourceTree = "<group>"; };
		0D23137B1337B7060011B219 /* URLCollectorGroupCell.h */ = {isa = PBXFileReference; fileEncoding = 4; lastKnownFileType = sourcecode.c.h; path = URLCollectorGroupCell.h; sourceTree = "<group>"; };
		0D23137C1337B7060011B219 /* URLCollectorGroupCell.m */ = {isa = PBXFileReference; fileEncoding = 4; lastKnownFileType = sourcecode.c.objc; path = URLCollectorGroupCell.m; sourceTree = "<group>"; };
		0D231CCE133BAC540011B219 /* URLCollectorContentClassifier.h */ = {isa = PBXFileReference; fileEncoding = 4; lastKnownFileType = sourcecode.c.h; path = URLCollectorContentClassifier.h; sourceTree = "<group>"; };
		0D231CCF133BAC540011B219 /* URLCollectorContentClassifier.m */ = {isa = PBXFileReference; fileEncoding = 4; lastKnownFileType = sourcecode.c.objc; path = URLCollectorContentClassifier.m; sourceTree = "<group>"; };
		0D231CD1133BAEC30011B219 /* URLCollectorClassifyURLOperation.h */ = {isa = PBXFileReference; fileEncoding = 4; lastKnownFileType = sourcecode.c.h; path = URLCollectorClassifyURLOperation.h; sourceTree = "<group>"; };
		0D231CD2133BAEC30011B219 /* URLCollectorClassifyURLOperation.m */ = {isa = PBXFileReference; fileEncoding = 4; lastKnownFileType = sourcecode.c.objc; path = URLCollectorClassifyURLOperation.m; sourceTree = "<group>"; };
		0D231CD4133BB08B0011B219 /* Globals.h */ = {isa = PBXFileReference; fileEncoding = 4; lastKnownFileType = sourcecode.c.h; path = Globals.h; sourceTree = "<group>"; };
		0D231CD5133BB08B0011B219 /* Globals.m */ = {isa = PBXFileReference; fileEncoding = 4; lastKnownFileType = sourcecode.c.objc; path = Globals.m; sourceTree = "<group>"; };
		0D231E05133CE20D0011B219 /* TFHpple.h */ = {isa = PBXFileReference; fileEncoding = 4; lastKnownFileType = sourcecode.c.h; path = TFHpple.h; sourceTree = "<group>"; };
		0D231E06133CE20D0011B219 /* TFHpple.m */ = {isa = PBXFileReference; fileEncoding = 4; lastKnownFileType = sourcecode.c.objc; path = TFHpple.m; sourceTree = "<group>"; };
		0D231E07133CE20D0011B219 /* TFHppleElement.h */ = {isa = PBXFileReference; fileEncoding = 4; lastKnownFileType = sourcecode.c.h; path = TFHppleElement.h; sourceTree = "<group>"; };
		0D231E08133CE20D0011B219 /* TFHppleElement.m */ = {isa = PBXFileReference; fileEncoding = 4; lastKnownFileType = sourcecode.c.objc; path = TFHppleElement.m; sourceTree = "<group>"; };
		0D231E09133CE20D0011B219 /* XPathQuery.h */ = {isa = PBXFileReference; fileEncoding = 4; lastKnownFileType = sourcecode.c.h; path = XPathQuery.h; sourceTree = "<group>"; };
		0D231E0A133CE20D0011B219 /* XPathQuery.m */ = {isa = PBXFileReference; fileEncoding = 4; lastKnownFileType = sourcecode.c.objc; path = XPathQuery.m; sourceTree = "<group>"; };
		0D2321371340E6220011B219 /* NSBezierPath+AMShading.h */ = {isa = PBXFileReference; fileEncoding = 4; lastKnownFileType = sourcecode.c.h; path = "NSBezierPath+AMShading.h"; sourceTree = "<group>"; };
		0D2321381340E6220011B219 /* NSBezierPath+AMShading.m */ = {isa = PBXFileReference; fileEncoding = 4; lastKnownFileType = sourcecode.c.objc; path = "NSBezierPath+AMShading.m"; sourceTree = "<group>"; };
		0D2322231341E4C00011B219 /* UCNavigationController.h */ = {isa = PBXFileReference; fileEncoding = 4; lastKnownFileType = sourcecode.c.h; path = UCNavigationController.h; sourceTree = "<group>"; };
		0D2322241341E4C00011B219 /* UCNavigationController.m */ = {isa = PBXFileReference; fileEncoding = 4; lastKnownFileType = sourcecode.c.objc; path = UCNavigationController.m; sourceTree = "<group>"; };
		0D8BCED81332A2EB0079E647 /* URLCollectorDatabaseSynchronizer.h */ = {isa = PBXFileReference; fileEncoding = 4; lastKnownFileType = sourcecode.c.h; path = URLCollectorDatabaseSynchronizer.h; sourceTree = "<group>"; };
		0D8BCED91332A2EB0079E647 /* URLCollectorDatabaseSynchronizer.m */ = {isa = PBXFileReference; fileEncoding = 4; lastKnownFileType = sourcecode.c.objc; path = URLCollectorDatabaseSynchronizer.m; sourceTree = "<group>"; };
		0D8BCEDD1332A3750079E647 /* URLCollectorDatabaseManager.h */ = {isa = PBXFileReference; fileEncoding = 4; lastKnownFileType = sourcecode.c.h; path = URLCollectorDatabaseManager.h; sourceTree = "<group>"; };
		0D8BCEDE1332A3750079E647 /* URLCollectorDatabaseManager.m */ = {isa = PBXFileReference; fileEncoding = 4; lastKnownFileType = sourcecode.c.objc; path = URLCollectorDatabaseManager.m; sourceTree = "<group>"; };
		0DA2903913436ECF000FC202 /* Sparkle.framework */ = {isa = PBXFileReference; lastKnownFileType = wrapper.framework; name = Sparkle.framework; path = Frameworks/Sparkle.framework; sourceTree = "<group>"; };
		0DA2909D1343702A000FC202 /* dsa_pub.pem */ = {isa = PBXFileReference; fileEncoding = 4; lastKnownFileType = text; path = dsa_pub.pem; sourceTree = "<group>"; };
		0DA292971343990C000FC202 /* UCIdentityDetailViewController.h */ = {isa = PBXFileReference; fileEncoding = 4; lastKnownFileType = sourcecode.c.h; path = UCIdentityDetailViewController.h; sourceTree = "<group>"; };
		0DA292981343990C000FC202 /* UCIdentityDetailViewController.m */ = {isa = PBXFileReference; fileEncoding = 4; lastKnownFileType = sourcecode.c.objc; path = UCIdentityDetailViewController.m; sourceTree = "<group>"; };
		0DA2929A13439922000FC202 /* UCURLDetailViewController.h */ = {isa = PBXFileReference; fileEncoding = 4; lastKnownFileType = sourcecode.c.h; path = UCURLDetailViewController.h; sourceTree = "<group>"; };
		0DA2929B13439922000FC202 /* UCURLDetailViewController.m */ = {isa = PBXFileReference; fileEncoding = 4; lastKnownFileType = sourcecode.c.objc; path = UCURLDetailViewController.m; sourceTree = "<group>"; };
		0DA292F913448769000FC202 /* URLDetailView.xib */ = {isa = PBXFileReference; lastKnownFileType = file.xib; path = URLDetailView.xib; sourceTree = "<group>"; };
		0DA292FB13448773000FC202 /* IdentityDetailView.xib */ = {isa = PBXFileReference; lastKnownFileType = file.xib; path = IdentityDetailView.xib; sourceTree = "<group>"; };
		0DA2941C1344E481000FC202 /* Chrome.h */ = {isa = PBXFileReference; fileEncoding = 4; lastKnownFileType = sourcecode.c.h; name = Chrome.h; path = ../../Projects/SAPOPuny/ScriptingBridge/Chrome.h; sourceTree = SOURCE_ROOT; };
		0DA2941E1344E507000FC202 /* ChromeContextContentProvider.h */ = {isa = PBXFileReference; fileEncoding = 4; lastKnownFileType = sourcecode.c.h; path = ChromeContextContentProvider.h; sourceTree = "<group>"; };
		0DA2941F1344E507000FC202 /* ChromeContextContentProvider.m */ = {isa = PBXFileReference; fileEncoding = 4; lastKnownFileType = sourcecode.c.objc; path = ChromeContextContentProvider.m; sourceTree = "<group>"; };
		0DA294BD1345DBBD000FC202 /* menubar-icon.png */ = {isa = PBXFileReference; lastKnownFileType = image.png; path = "menubar-icon.png"; sourceTree = "<group>"; };
		0DA295DE13462717000FC202 /* NSString+Additions.h */ = {isa = PBXFileReference; fileEncoding = 4; lastKnownFileType = sourcecode.c.h; path = "NSString+Additions.h"; sourceTree = "<group>"; };
		0DA295DF13462717000FC202 /* NSString+Additions.m */ = {isa = PBXFileReference; fileEncoding = 4; lastKnownFileType = sourcecode.c.objc; path = "NSString+Additions.m"; sourceTree = "<group>"; };
		0DA296CA1349D4B2000FC202 /* UCImageLoader.h */ = {isa = PBXFileReference; fileEncoding = 4; lastKnownFileType = sourcecode.c.h; path = UCImageLoader.h; sourceTree = "<group>"; };
		0DA296CB1349D4B2000FC202 /* UCImageLoader.m */ = {isa = PBXFileReference; fileEncoding = 4; lastKnownFileType = sourcecode.c.objc; path = UCImageLoader.m; sourceTree = "<group>"; };
		1058C7A1FEA54F0111CA2CBB /* Cocoa.framework */ = {isa = PBXFileReference; lastKnownFileType = wrapper.framework; name = Cocoa.framework; path = /System/Library/Frameworks/Cocoa.framework; sourceTree = "<absolute>"; };
		13E42FB307B3F0F600E4EEF1 /* CoreData.framework */ = {isa = PBXFileReference; lastKnownFileType = wrapper.framework; name = CoreData.framework; path = /System/Library/Frameworks/CoreData.framework; sourceTree = "<absolute>"; };
		1DDD58150DA1D0A300B32029 /* English */ = {isa = PBXFileReference; lastKnownFileType = file.xib; name = English; path = English.lproj/MainMenu.xib; sourceTree = "<group>"; };
		256AC3F00F4B6AF500CF3369 /* SAPOPuny_Prefix.pch */ = {isa = PBXFileReference; fileEncoding = 4; lastKnownFileType = sourcecode.c.h; path = SAPOPuny_Prefix.pch; sourceTree = "<group>"; };
		29B97316FDCFA39411CA2CEA /* main.m */ = {isa = PBXFileReference; fileEncoding = 4; lastKnownFileType = sourcecode.c.objc; path = main.m; sourceTree = "<group>"; };
		29B97324FDCFA39411CA2CEA /* AppKit.framework */ = {isa = PBXFileReference; lastKnownFileType = wrapper.framework; name = AppKit.framework; path = /System/Library/Frameworks/AppKit.framework; sourceTree = "<absolute>"; };
		29B97325FDCFA39411CA2CEA /* Foundation.framework */ = {isa = PBXFileReference; lastKnownFileType = wrapper.framework; name = Foundation.framework; path = /System/Library/Frameworks/Foundation.framework; sourceTree = "<absolute>"; };
		8D1107310486CEB800E47090 /* Info.plist */ = {isa = PBXFileReference; fileEncoding = 4; lastKnownFileType = text.plist.xml; path = Info.plist; sourceTree = "<group>"; };
		8D1107320486CEB800E47090 /* URLCollector.app */ = {isa = PBXFileReference; explicitFileType = wrapper.application; includeInIndex = 0; path = URLCollector.app; sourceTree = BUILT_PRODUCTS_DIR; };
/* End PBXFileReference section */

/* Begin PBXFrameworksBuildPhase section */
		8D11072E0486CEB800E47090 /* Frameworks */ = {
			isa = PBXFrameworksBuildPhase;
			buildActionMask = 2147483647;
			files = (
				8D11072F0486CEB800E47090 /* Cocoa.framework in Frameworks */,
				0D21C3C61320129400A0B8BB /* ShortcutRecorder.framework in Frameworks */,
				0D21C3EB1320130D00A0B8BB /* Carbon.framework in Frameworks */,
				0D230506132FD1C10011B219 /* BWToolkitFramework.framework in Frameworks */,
				0D2305A4132FE0F70011B219 /* ScriptingBridge.framework in Frameworks */,
				0DA2903A13436ECF000FC202 /* Sparkle.framework in Frameworks */,
			);
			runOnlyForDeploymentPostprocessing = 0;
		};
/* End PBXFrameworksBuildPhase section */

/* Begin PBXGroup section */
		080E96DDFE201D6D7F000001 /* Classes */ = {
			isa = PBXGroup;
			children = (
				0D2304C2132FD1B10011B219 /* Application */,
				0D2304C7132FD1B10011B219 /* Common */,
				0DA29296134398F6000FC202 /* Controllers */,
				0D2304F0132FD1B10011B219 /* GUI */,
				0D2304D6132FD1B10011B219 /* Model */,
				0D2304DF132FD1B10011B219 /* URL Collector */,
				0D2304E8132FD1B10011B219 /* URL Shortening */,
			);
			path = Classes;
			sourceTree = "<group>";
		};
		0D164962134F4C6300BA1F60 /* Sync */ = {
			isa = PBXGroup;
			children = (
				0D8BCED81332A2EB0079E647 /* URLCollectorDatabaseSynchronizer.h */,
				0D8BCED91332A2EB0079E647 /* URLCollectorDatabaseSynchronizer.m */,
			);
			name = Sync;
			sourceTree = "<group>";
		};
		0D21C35F13200CFE00A0B8BB /* NIB */ = {
			isa = PBXGroup;
			children = (
				0DA292FB13448773000FC202 /* IdentityDetailView.xib */,
				1DDD58140DA1D0A300B32029 /* MainMenu.xib */,
				0DA292F913448769000FC202 /* URLDetailView.xib */,
			);
			name = NIB;
			sourceTree = "<group>";
		};
		0D21C3B81320127E00A0B8BB /* Bundled Frameworks */ = {
			isa = PBXGroup;
			children = (
				0D230505132FD1C10011B219 /* BWToolkitFramework.framework */,
				0D21C3C51320129400A0B8BB /* ShortcutRecorder.framework */,
				0DA2903913436ECF000FC202 /* Sparkle.framework */,
			);
			name = "Bundled Frameworks";
			sourceTree = "<group>";
		};
		0D230438132FCD370011B219 /* Vendor */ = {
			isa = PBXGroup;
			children = (
				0D230439132FCD370011B219 /* GTM */,
				0D23043F132FCD370011B219 /* gtm-http-fetcher */,
				0D230451132FCD370011B219 /* HotKey */,
				0D231E04133CE20D0011B219 /* Hpple */,
				0D23045A132FCD370011B219 /* JSONKit */,
				0D23045D132FCD370011B219 /* MAKVONotificationCenter */,
				0D2321321340E6030011B219 /* Misc */,
				0D230460132FCD370011B219 /* RegexKitLite */,
			);
			path = Vendor;
			sourceTree = "<group>";
		};
		0D230439132FCD370011B219 /* GTM */ = {
			isa = PBXGroup;
			children = (
				0D230D20133280D30011B219 /* DebugUtils */,
				0D23043A132FCD370011B219 /* Foundation */,
				0D23043E132FCD370011B219 /* GTMDefines.h */,
			);
			path = GTM;
			sourceTree = "<group>";
		};
		0D23043A132FCD370011B219 /* Foundation */ = {
			isa = PBXGroup;
			children = (
				0D230D1A133280870011B219 /* GTMFileSystemKQueue.h */,
				0D230D1B133280870011B219 /* GTMFileSystemKQueue.m */,
				0D23043B132FCD370011B219 /* GTMGarbageCollection.h */,
				0D23043C132FCD370011B219 /* GTMNSString+URLArguments.h */,
				0D23043D132FCD370011B219 /* GTMNSString+URLArguments.m */,
			);
			path = Foundation;
			sourceTree = "<group>";
		};
		0D23043F132FCD370011B219 /* gtm-http-fetcher */ = {
			isa = PBXGroup;
			children = (
				0D230440132FCD370011B219 /* Source */,
			);
			path = "gtm-http-fetcher";
			sourceTree = "<group>";
		};
		0D230440132FCD370011B219 /* Source */ = {
			isa = PBXGroup;
			children = (
				0D230441132FCD370011B219 /* GTMGatherInputStream.h */,
				0D230442132FCD370011B219 /* GTMGatherInputStream.m */,
				0D230443132FCD370011B219 /* GTMHTTPFetcher.h */,
				0D230444132FCD370011B219 /* GTMHTTPFetcher.m */,
				0D230445132FCD370011B219 /* GTMHTTPFetcherLogging.h */,
				0D230446132FCD370011B219 /* GTMHTTPFetcherLogging.m */,
				0D230447132FCD370011B219 /* GTMHTTPFetcherService.h */,
				0D230448132FCD370011B219 /* GTMHTTPFetcherService.m */,
				0D230449132FCD370011B219 /* GTMHTTPFetchHistory.h */,
				0D23044A132FCD370011B219 /* GTMHTTPFetchHistory.m */,
				0D23044B132FCD370011B219 /* GTMHTTPUploadFetcher.h */,
				0D23044C132FCD370011B219 /* GTMHTTPUploadFetcher.m */,
				0D23044D132FCD370011B219 /* GTMMIMEDocument.h */,
				0D23044E132FCD370011B219 /* GTMMIMEDocument.m */,
				0D23044F132FCD370011B219 /* Tests */,
			);
			path = Source;
			sourceTree = "<group>";
		};
		0D23044F132FCD370011B219 /* Tests */ = {
			isa = PBXGroup;
			children = (
				0D230450132FCD370011B219 /* Data */,
			);
			path = Tests;
			sourceTree = "<group>";
		};
		0D230450132FCD370011B219 /* Data */ = {
			isa = PBXGroup;
			children = (
			);
			path = Data;
			sourceTree = "<group>";
		};
		0D230451132FCD370011B219 /* HotKey */ = {
			isa = PBXGroup;
			children = (
				0D230452132FCD370011B219 /* PTHotKey.h */,
				0D230453132FCD370011B219 /* PTHotKey.m */,
				0D230454132FCD370011B219 /* PTHotKeyCenter.h */,
				0D230455132FCD370011B219 /* PTHotKeyCenter.m */,
				0D230456132FCD370011B219 /* PTKeyCodeTranslator.h */,
				0D230457132FCD370011B219 /* PTKeyCodeTranslator.m */,
				0D230458132FCD370011B219 /* PTKeyCombo.h */,
				0D230459132FCD370011B219 /* PTKeyCombo.m */,
			);
			path = HotKey;
			sourceTree = "<group>";
		};
		0D23045A132FCD370011B219 /* JSONKit */ = {
			isa = PBXGroup;
			children = (
				0D23045B132FCD370011B219 /* JSONKit.h */,
				0D23045C132FCD370011B219 /* JSONKit.m */,
			);
			path = JSONKit;
			sourceTree = "<group>";
		};
		0D23045D132FCD370011B219 /* MAKVONotificationCenter */ = {
			isa = PBXGroup;
			children = (
				0D23045E132FCD370011B219 /* MAKVONotificationCenter.h */,
				0D23045F132FCD370011B219 /* MAKVONotificationCenter.m */,
			);
			path = MAKVONotificationCenter;
			sourceTree = "<group>";
		};
		0D230460132FCD370011B219 /* RegexKitLite */ = {
			isa = PBXGroup;
			children = (
				0D230461132FCD370011B219 /* examples */,
				0D230462132FCD370011B219 /* RegexKitLite.h */,
				0D230463132FCD370011B219 /* RegexKitLite.m */,
			);
			path = RegexKitLite;
			sourceTree = "<group>";
		};
		0D230461132FCD370011B219 /* examples */ = {
			isa = PBXGroup;
			children = (
			);
			path = examples;
			sourceTree = "<group>";
		};
		0D230473132FCD3F0011B219 /* ScriptingBridge */ = {
			isa = PBXGroup;
			children = (
				0D230474132FCD3F0011B219 /* AddressBook.h */,
				0D230475132FCD3F0011B219 /* Adium.h */,
				0DA2941C1344E481000FC202 /* Chrome.h */,
				0D230476132FCD3F0011B219 /* iCal.h */,
				0D230477132FCD3F0011B219 /* iChat.h */,
				0D230478132FCD3F0011B219 /* Mail.h */,
				0D230479132FCD3F0011B219 /* Safari.h */,
				0D23047A132FCD3F0011B219 /* Xcode.h */,
			);
			path = ScriptingBridge;
			sourceTree = "<group>";
		};
		0D2304C2132FD1B10011B219 /* Application */ = {
			isa = PBXGroup;
			children = (
				0D2304C3132FD1B10011B219 /* AppDelegate.h */,
				0D2304C4132FD1B10011B219 /* AppDelegate.m */,
				0D2304C5132FD1B10011B219 /* AppController.h */,
				0D2304C6132FD1B10011B219 /* AppController.m */,
			);
			name = Application;
			sourceTree = "<group>";
		};
		0D2304C7132FD1B10011B219 /* Common */ = {
			isa = PBXGroup;
			children = (
				0D2304C8132FD1B10011B219 /* Additions.h */,
				0D2304C9132FD1B10011B219 /* Constants.h */,
				0D2304CA132FD1B10011B219 /* Constants.m */,
				0D231CD4133BB08B0011B219 /* Globals.h */,
				0D231CD5133BB08B0011B219 /* Globals.m */,
				0D2304CB132FD1B10011B219 /* Logging.h */,
				0D2304CC132FD1B10011B219 /* Macros.h */,
				0D2304CD132FD1B10011B219 /* NSBundle+Additions.h */,
				0D2304CE132FD1B10011B219 /* NSBundle+Additions.m */,
				0D2304CF132FD1B10011B219 /* NSDictionary+Additions.h */,
				0D2304D0132FD1B10011B219 /* NSDictionary+Additions.m */,
				0D2304D1132FD1B10011B219 /* NSManagedObject+Additions.h */,
				0D2304D2132FD1B10011B219 /* NSManagedObject+Additions.m */,
				0DA295DE13462717000FC202 /* NSString+Additions.h */,
				0DA295DF13462717000FC202 /* NSString+Additions.m */,
				0D2304D3132FD1B10011B219 /* SKManagedObjectContextManager.h */,
				0D2304D4132FD1B10011B219 /* SKManagedObjectContextManager.m */,
				0D2304D5132FD1B10011B219 /* SKObjectSingleton.h */,
				0DA296CA1349D4B2000FC202 /* UCImageLoader.h */,
				0DA296CB1349D4B2000FC202 /* UCImageLoader.m */,
			);
			name = Common;
			sourceTree = "<group>";
		};
		0D2304D6132FD1B10011B219 /* Model */ = {
			isa = PBXGroup;
			children = (
				0D2304DB132FD1B10011B219 /* URLCollectorContext.h */,
				0D2304DC132FD1B10011B219 /* URLCollectorContext.m */,
				0D230598132FDC7F0011B219 /* URLCollectorContextIdentity.h */,
				0D230599132FDC7F0011B219 /* URLCollectorContextIdentity.m */,
				0D2304D9132FD1B10011B219 /* URLCollectorElement.h */,
				0D2304DA132FD1B10011B219 /* URLCollectorElement.m */,
				0D2304D7132FD1B10011B219 /* URLCollectorGroup.h */,
				0D2304D8132FD1B10011B219 /* URLCollectorGroup.m */,
				0D2304DD132FD1B10011B219 /* URLCollectorNode.h */,
				0D2304DE132FD1B10011B219 /* URLCollectorNode.m */,
			);
			name = Model;
			sourceTree = "<group>";
		};
		0D2304DF132FD1B10011B219 /* URL Collector */ = {
			isa = PBXGroup;
			children = (
				0D231CCD133BAC2E0011B219 /* Content Classifier */,
				0D2304E0132FD1B10011B219 /* Context Recognizer */,
				0D2304E3132FD1B10011B219 /* Persistence */,
				0D164962134F4C6300BA1F60 /* Sync */,
				0D2304E6132FD1B10011B219 /* URLCollectorDataSource.h */,
				0D2304E7132FD1B10011B219 /* URLCollectorDataSource.m */,
			);
			name = "URL Collector";
			sourceTree = "<group>";
		};
		0D2304E0132FD1B10011B219 /* Context Recognizer */ = {
			isa = PBXGroup;
			children = (
				0D230547132FD5060011B219 /* Content Providers */,
				0D2304E1132FD1B10011B219 /* URLCollectorContextRecognizer.h */,
				0D2304E2132FD1B10011B219 /* URLCollectorContextRecognizer.m */,
			);
			name = "Context Recognizer";
			sourceTree = "<group>";
		};
		0D2304E3132FD1B10011B219 /* Persistence */ = {
			isa = PBXGroup;
			children = (
				0D8BCEDD1332A3750079E647 /* URLCollectorDatabaseManager.h */,
				0D8BCEDE1332A3750079E647 /* URLCollectorDatabaseManager.m */,
			);
			name = Persistence;
			sourceTree = "<group>";
		};
		0D2304E8132FD1B10011B219 /* URL Shortening */ = {
			isa = PBXGroup;
			children = (
				0D2304E9132FD1B10011B219 /* Services */,
				0D2304EC132FD1B10011B219 /* URLShortener.h */,
				0D2304ED132FD1B10011B219 /* URLShortener.m */,
				0D2304EE132FD1B10011B219 /* URLShorteningService.h */,
				0D2304EF132FD1B10011B219 /* URLShorteningService.m */,
			);
			name = "URL Shortening";
			sourceTree = "<group>";
		};
		0D2304E9132FD1B10011B219 /* Services */ = {
			isa = PBXGroup;
			children = (
				0D2304EA132FD1B10011B219 /* SAPOPunyShorteningService.h */,
				0D2304EB132FD1B10011B219 /* SAPOPunyShorteningService.m */,
			);
			name = Services;
			sourceTree = "<group>";
		};
		0D2304F0132FD1B10011B219 /* GUI */ = {
			isa = PBXGroup;
			children = (
				0D2310301337762F0011B219 /* StatusItemDraggingDestinationView.h */,
				0D2310311337762F0011B219 /* StatusItemDraggingDestinationView.m */,
				0D2311911337A6A80011B219 /* URLCollectorElementCell.h */,
				0D2311921337A6A80011B219 /* URLCollectorElementCell.m */,
				0D23137B1337B7060011B219 /* URLCollectorGroupCell.h */,
				0D23137C1337B7060011B219 /* URLCollectorGroupCell.m */,
				0D2304F1132FD1B10011B219 /* URLCollectorOutlineView.h */,
				0D2304F2132FD1B10011B219 /* URLCollectorOutlineView.m */,
				0D2322231341E4C00011B219 /* UCNavigationController.h */,
				0D2322241341E4C00011B219 /* UCNavigationController.m */,
			);
			name = GUI;
			sourceTree = "<group>";
		};
		0D23050B132FD1E40011B219 /* Model */ = {
			isa = PBXGroup;
			children = (
				0D23050C132FD1EB0011B219 /* URLCollector.xcdatamodel */,
			);
			name = Model;
			sourceTree = "<group>";
		};
		0D230547132FD5060011B219 /* Content Providers */ = {
			isa = PBXGroup;
			children = (
				0D230548132FD5160011B219 /* AddressBookContextContentProvider.h */,
				0D230549132FD5160011B219 /* AddressBookContextContentProvider.m */,
				0D230557132FD5430011B219 /* AdiumContextContentProvider.h */,
				0D230558132FD5430011B219 /* AdiumContextContentProvider.m */,
				0DA2941E1344E507000FC202 /* ChromeContextContentProvider.h */,
				0DA2941F1344E507000FC202 /* ChromeContextContentProvider.m */,
				0D23055F132FD59D0011B219 /* GenericContextContentProvider.h */,
				0D230560132FD59D0011B219 /* GenericContextContentProvider.m */,
				0D230567132FD6970011B219 /* iCalContextContentProvider.h */,
				0D230568132FD6970011B219 /* iCalContextContentProvider.m */,
				0D230564132FD68F0011B219 /* iChatContextContentProvider.h */,
				0D230565132FD68F0011B219 /* iChatContextContentProvider.m */,
				0D23056D132FD6A20011B219 /* MailContextContentProvider.h */,
				0D23056E132FD6A20011B219 /* MailContextContentProvider.m */,
				0D230570132FD6B40011B219 /* SafariContextContentProvider.h */,
				0D230571132FD6B40011B219 /* SafariContextContentProvider.m */,
				0D2305B2132FE25D0011B219 /* URLCollectorContextContentProvider.h */,
				0D2305B3132FE25D0011B219 /* URLCollectorContextContentProvider.m */,
				0D23056A132FD69C0011B219 /* XcodeContextContentProvider.h */,
				0D23056B132FD69C0011B219 /* XcodeContextContentProvider.m */,
			);
			name = "Content Providers";
			sourceTree = "<group>";
		};
		0D230D20133280D30011B219 /* DebugUtils */ = {
			isa = PBXGroup;
			children = (
				0D230D21133280D30011B219 /* GTMDebugSelectorValidation.h */,
				0D230D22133280D30011B219 /* GTMTypeCasting.h */,
			);
			name = DebugUtils;
			path = ../../Projects/SAPOPuny/Vendor/GTM/DebugUtils;
			sourceTree = SOURCE_ROOT;
		};
		0D231CCD133BAC2E0011B219 /* Content Classifier */ = {
			isa = PBXGroup;
			children = (
				0D231CCE133BAC540011B219 /* URLCollectorContentClassifier.h */,
				0D231CCF133BAC540011B219 /* URLCollectorContentClassifier.m */,
				0D231CD1133BAEC30011B219 /* URLCollectorClassifyURLOperation.h */,
				0D231CD2133BAEC30011B219 /* URLCollectorClassifyURLOperation.m */,
			);
			name = "Content Classifier";
			sourceTree = "<group>";
		};
		0D231E04133CE20D0011B219 /* Hpple */ = {
			isa = PBXGroup;
			children = (
				0D231E05133CE20D0011B219 /* TFHpple.h */,
				0D231E06133CE20D0011B219 /* TFHpple.m */,
				0D231E07133CE20D0011B219 /* TFHppleElement.h */,
				0D231E08133CE20D0011B219 /* TFHppleElement.m */,
				0D231E09133CE20D0011B219 /* XPathQuery.h */,
				0D231E0A133CE20D0011B219 /* XPathQuery.m */,
			);
			path = Hpple;
			sourceTree = "<group>";
		};
		0D2321321340E6030011B219 /* Misc */ = {
			isa = PBXGroup;
			children = (
				0D2321371340E6220011B219 /* NSBezierPath+AMShading.h */,
				0D2321381340E6220011B219 /* NSBezierPath+AMShading.m */,
			);
			name = Misc;
			sourceTree = "<group>";
		};
		0D23F536132108DB0011B219 /* Images */ = {
			isa = PBXGroup;
			children = (
				0D164913134F282900BA1F60 /* menubar-icon-selected.png */,
				0DA294BD1345DBBD000FC202 /* menubar-icon.png */,
			);
			name = Images;
			sourceTree = "<group>";
		};
		0DA2909B13437021000FC202 /* Signing */ = {
			isa = PBXGroup;
			children = (
				0DA2909D1343702A000FC202 /* dsa_pub.pem */,
			);
			name = Signing;
			sourceTree = "<group>";
		};
		0DA29296134398F6000FC202 /* Controllers */ = {
			isa = PBXGroup;
			children = (
				0DA292971343990C000FC202 /* UCIdentityDetailViewController.h */,
				0DA292981343990C000FC202 /* UCIdentityDetailViewController.m */,
				0DA2929A13439922000FC202 /* UCURLDetailViewController.h */,
				0DA2929B13439922000FC202 /* UCURLDetailViewController.m */,
			);
			name = Controllers;
			sourceTree = "<group>";
		};
		1058C7A0FEA54F0111CA2CBB /* Linked Frameworks */ = {
			isa = PBXGroup;
			children = (
				1058C7A1FEA54F0111CA2CBB /* Cocoa.framework */,
				0D21C3EA1320130D00A0B8BB /* Carbon.framework */,
				0D2305A3132FE0F70011B219 /* ScriptingBridge.framework */,
			);
			name = "Linked Frameworks";
			sourceTree = "<group>";
		};
		1058C7A2FEA54F0111CA2CBB /* Other Frameworks */ = {
			isa = PBXGroup;
			children = (
				29B97324FDCFA39411CA2CEA /* AppKit.framework */,
				13E42FB307B3F0F600E4EEF1 /* CoreData.framework */,
				29B97325FDCFA39411CA2CEA /* Foundation.framework */,
			);
			name = "Other Frameworks";
			sourceTree = "<group>";
		};
		19C28FACFE9D520D11CA2CBB /* Products */ = {
			isa = PBXGroup;
			children = (
				8D1107320486CEB800E47090 /* URLCollector.app */,
			);
			name = Products;
			sourceTree = "<group>";
		};
		29B97314FDCFA39411CA2CEA /* SAPOPuny */ = {
			isa = PBXGroup;
			children = (
				0D230473132FCD3F0011B219 /* ScriptingBridge */,
				0D230438132FCD370011B219 /* Vendor */,
				080E96DDFE201D6D7F000001 /* Classes */,
				29B97315FDCFA39411CA2CEA /* Other Sources */,
				29B97317FDCFA39411CA2CEA /* Resources */,
				29B97323FDCFA39411CA2CEA /* Frameworks */,
				19C28FACFE9D520D11CA2CBB /* Products */,
			);
			name = SAPOPuny;
			sourceTree = "<group>";
		};
		29B97315FDCFA39411CA2CEA /* Other Sources */ = {
			isa = PBXGroup;
			children = (
				256AC3F00F4B6AF500CF3369 /* SAPOPuny_Prefix.pch */,
				29B97316FDCFA39411CA2CEA /* main.m */,
			);
			name = "Other Sources";
			sourceTree = "<group>";
		};
		29B97317FDCFA39411CA2CEA /* Resources */ = {
			isa = PBXGroup;
			children = (
				0DA2909B13437021000FC202 /* Signing */,
				0D23050B132FD1E40011B219 /* Model */,
				0D23F536132108DB0011B219 /* Images */,
				0D21C35F13200CFE00A0B8BB /* NIB */,
				8D1107310486CEB800E47090 /* Info.plist */,
				089C165CFE840E0CC02AAC07 /* InfoPlist.strings */,
			);
			name = Resources;
			sourceTree = "<group>";
		};
		29B97323FDCFA39411CA2CEA /* Frameworks */ = {
			isa = PBXGroup;
			children = (
				0D21C3B81320127E00A0B8BB /* Bundled Frameworks */,
				1058C7A0FEA54F0111CA2CBB /* Linked Frameworks */,
				1058C7A2FEA54F0111CA2CBB /* Other Frameworks */,
			);
			name = Frameworks;
			sourceTree = "<group>";
		};
/* End PBXGroup section */

/* Begin PBXNativeTarget section */
		8D1107260486CEB800E47090 /* URLCollector */ = {
			isa = PBXNativeTarget;
			buildConfigurationList = C01FCF4A08A954540054247B /* Build configuration list for PBXNativeTarget "URLCollector" */;
			buildPhases = (
				8D1107290486CEB800E47090 /* Resources */,
				0D21C3D7132012DE00A0B8BB /* Copy Frameworks */,
				8D11072C0486CEB800E47090 /* Sources */,
				8D11072E0486CEB800E47090 /* Frameworks */,
				0DA290B51343710C000FC202 /* Set Build Number and Date */,
				0DA2909813436FAA000FC202 /* Package and sign */,
			);
			buildRules = (
			);
			dependencies = (
			);
			name = URLCollector;
			productInstallPath = "$(HOME)/Applications";
			productName = SAPOPuny;
			productReference = 8D1107320486CEB800E47090 /* URLCollector.app */;
			productType = "com.apple.product-type.application";
		};
/* End PBXNativeTarget section */

/* Begin PBXProject section */
		29B97313FDCFA39411CA2CEA /* Project object */ = {
			isa = PBXProject;
			buildConfigurationList = C01FCF4E08A954540054247B /* Build configuration list for PBXProject "SAPOPuny" */;
			compatibilityVersion = "Xcode 3.1";
			developmentRegion = English;
			hasScannedForEncodings = 1;
			knownRegions = (
				English,
				Japanese,
				French,
				German,
			);
			mainGroup = 29B97314FDCFA39411CA2CEA /* SAPOPuny */;
			projectDirPath = "";
			projectRoot = "";
			targets = (
				8D1107260486CEB800E47090 /* URLCollector */,
			);
		};
/* End PBXProject section */

/* Begin PBXResourcesBuildPhase section */
		8D1107290486CEB800E47090 /* Resources */ = {
			isa = PBXResourcesBuildPhase;
			buildActionMask = 2147483647;
			files = (
				8D11072B0486CEB800E47090 /* InfoPlist.strings in Resources */,
				1DDD58160DA1D0A300B32029 /* MainMenu.xib in Resources */,
				0DA2909E1343702A000FC202 /* dsa_pub.pem in Resources */,
				0DA292FA13448769000FC202 /* URLDetailView.xib in Resources */,
				0DA292FC13448773000FC202 /* IdentityDetailView.xib in Resources */,
				0DA294BE1345DBBD000FC202 /* menubar-icon.png in Resources */,
				0D164914134F282900BA1F60 /* menubar-icon-selected.png in Resources */,
			);
			runOnlyForDeploymentPostprocessing = 0;
		};
/* End PBXResourcesBuildPhase section */

/* Begin PBXShellScriptBuildPhase section */
		0DA2909813436FAA000FC202 /* Package and sign */ = {
			isa = PBXShellScriptBuildPhase;
			buildActionMask = 2147483647;
			files = (
			);
			inputPaths = (
			);
			name = "Package and sign";
			outputPaths = (
			);
			runOnlyForDeploymentPostprocessing = 0;
			shellPath = /bin/sh;
			shellScript = "# if test \"$BUILD_STYLE\" != \"Release\"; then\n# \techo \"No in Release, not building the zip archive\";\n# \texit 0;\n# fi\n\nPACKAGEANDSIGN=1;\n\nif test $PACKAGEANDSIGN == 0; then\n\techo \"***** PACKAGING AND SIGNING IS CURRENTLY DISABLED *****\"\n\techo \"***** TO ENABLE, SET \"PACKAGEANDSIGN=1\" *****\"\n\texit 0;\nfi\n\necho \"***** PACKAGING APPLICATION... *****\"\n\nbuildPlist=\"Info.plist\"\nbuildVersion=$(/usr/libexec/PlistBuddy -c \"Print CFBuildVersion\" $buildPlist)\nbuildNumber=$(/usr/libexec/PlistBuddy -c \"Print CFBuildNumber\" $buildPlist)\n\nversion=\"$CONFIGURATION-\"$buildVersion.$buildNumber\n\nARCHIVE_FILENAME=\"URLCollector-$version.zip\"\n\ncd \"$BUILT_PRODUCTS_DIR\"\nrm $BUILT_PRODUCTS_DIR/URLCollector-*.zip $BUILT_PRODUCTS_DIR/*.signature\nditto -ck --keepParent \"$FULL_PRODUCT_NAME\" \"$ARCHIVE_FILENAME\"\n# open \"$BUILT_PRODUCTS_DIR\"\n\n################\n# Sign package #\n################\n\necho \"***** SIGNING PACKAGE... *****\"\n\nPACKAGE_PATH=\"$BUILT_PRODUCTS_DIR/$ARCHIVE_FILENAME\"\nPRIVATE_KEY_PATH=\"$SRCROOT/Signing/dsa_priv.pem\"\nSIGNATURE=`openssl dgst -sha1 -binary < \"$PACKAGE_PATH\" | openssl dgst -dss1 -sign \"$PRIVATE_KEY_PATH\" | openssl enc -base64`\nPACKAGE_SIZE=`ls -la \"$PACKAGE_PATH\" | awk '{print $5}'`\necho \"PACKAGE SIGNATURE: $SIGNATURE\"\necho \"PACKAGE SIZE: $PACKAGE_SIZE\"\n\nBUILD_PLIST=\"$SRCROOT/Info.plist\"\nBUNDLE_VERSION=$(/usr/libexec/PlistBuddy -c \"Print CFBundleVersion\" $BUILD_PLIST)\nBUILD_DATE=`date \"+%a, %d %b %Y %H:%M:%S %z\"`\nBASE_URL=\"http://dl.dropbox.com/u/185282/Sparkle-URLCollector\"\n\necho \"PACKAGE SIGNATURE: $SIGNATURE\" > $PACKAGE_PATH.signature\necho \"PACKAGE SIZE: $PACKAGE_SIZE\" >> $PACKAGE_PATH.signature\necho \"<pubDate>$BUILD_DATE</pubDate>\" >> $PACKAGE_PATH.signature\necho \"<enclosure url=\\\"$BASE_URL/$ARCHIVE_FILENAME\\\" sparkle:version=\\\"$BUNDLE_VERSION\\\" length=\\\"$PACKAGE_SIZE\\\" type=\\\"application/octet-stream\\\" sparkle:dsaSignature=\\\"$SIGNATURE\\\" />\" >> $PACKAGE_PATH.signature\n\necho \"***** PACKAGE SIGNED *****\"\n";
		};
		0DA290B51343710C000FC202 /* Set Build Number and Date */ = {
			isa = PBXShellScriptBuildPhase;
			buildActionMask = 2147483647;
			files = (
			);
			inputPaths = (
			);
			name = "Set Build Number and Date";
			outputPaths = (
			);
			runOnlyForDeploymentPostprocessing = 0;
			shellPath = /bin/sh;
			shellScript = "#!/bin/bash\n\n# Auto Increment Version Script\nbuildPlist=\"Info.plist\"\nbundlePlist=$BUILT_PRODUCTS_DIR/$INFOPLIST_PATH\necho $bundlePlist\nbuildVersion=$(/usr/libexec/PlistBuddy -c \"Print CFBuildVersion\" $buildPlist)\nbuildNumber=$(/usr/libexec/PlistBuddy -c \"Print CFBuildNumber\" $buildPlist)\nbuildNumber=$(($buildNumber + 1))\nbuildDate=$(date)\n/usr/libexec/PlistBuddy -c \"Set :CFBuildNumber $buildNumber\" $buildPlist\n/usr/libexec/PlistBuddy -c \"Set :CFBundleVersion $buildVersion.$buildNumber\" $buildPlist\n/usr/libexec/PlistBuddy -c \"Set :CFBundleShortVersionString $buildVersion.$buildNumber\" $buildPlist\n/usr/libexec/PlistBuddy -c \"Set :CFBuildDate $buildDate\" $buildPlist\n\n/usr/libexec/PlistBuddy -c \"Set :CFBuildNumber $buildNumber\" \"$bundlePlist\"\n/usr/libexec/PlistBuddy -c \"Set :CFBundleVersion $buildVersion.$buildNumber\" \"$bundlePlist\"\n/usr/libexec/PlistBuddy -c \"Set :CFBundleShortVersionString $buildVersion.$buildNumber\" \"$bundlePlist\"\n/usr/libexec/PlistBuddy -c \"Set :CFBuildDate $buildDate\" \"$bundlePlist\"\n\n\n";
		};
/* End PBXShellScriptBuildPhase section */

/* Begin PBXSourcesBuildPhase section */
		8D11072C0486CEB800E47090 /* Sources */ = {
			isa = PBXSourcesBuildPhase;
			buildActionMask = 2147483647;
			files = (
				8D11072D0486CEB800E47090 /* main.m in Sources */,
				0D230464132FCD370011B219 /* GTMNSString+URLArguments.m in Sources */,
				0D230465132FCD370011B219 /* GTMGatherInputStream.m in Sources */,
				0D230466132FCD370011B219 /* GTMHTTPFetcher.m in Sources */,
				0D230467132FCD370011B219 /* GTMHTTPFetcherLogging.m in Sources */,
				0D230468132FCD370011B219 /* GTMHTTPFetcherService.m in Sources */,
				0D230469132FCD370011B219 /* GTMHTTPFetchHistory.m in Sources */,
				0D23046A132FCD370011B219 /* GTMHTTPUploadFetcher.m in Sources */,
				0D23046B132FCD370011B219 /* GTMMIMEDocument.m in Sources */,
				0D23046C132FCD370011B219 /* PTHotKey.m in Sources */,
				0D23046D132FCD370011B219 /* PTHotKeyCenter.m in Sources */,
				0D23046E132FCD370011B219 /* PTKeyCodeTranslator.m in Sources */,
				0D23046F132FCD370011B219 /* PTKeyCombo.m in Sources */,
				0D230470132FCD370011B219 /* JSONKit.m in Sources */,
				0D230471132FCD370011B219 /* MAKVONotificationCenter.m in Sources */,
				0D230472132FCD370011B219 /* RegexKitLite.m in Sources */,
				0D2304F3132FD1B10011B219 /* AppDelegate.m in Sources */,
				0D2304F4132FD1B10011B219 /* AppController.m in Sources */,
				0D2304F5132FD1B10011B219 /* Constants.m in Sources */,
				0D2304F6132FD1B10011B219 /* NSBundle+Additions.m in Sources */,
				0D2304F7132FD1B10011B219 /* NSDictionary+Additions.m in Sources */,
				0D2304F8132FD1B10011B219 /* NSManagedObject+Additions.m in Sources */,
				0D2304F9132FD1B10011B219 /* SKManagedObjectContextManager.m in Sources */,
				0D2304FA132FD1B10011B219 /* URLCollectorGroup.m in Sources */,
				0D2304FB132FD1B10011B219 /* URLCollectorElement.m in Sources */,
				0D2304FC132FD1B10011B219 /* URLCollectorContext.m in Sources */,
				0D2304FD132FD1B10011B219 /* URLCollectorNode.m in Sources */,
				0D2304FE132FD1B10011B219 /* URLCollectorContextRecognizer.m in Sources */,
				0D230500132FD1B10011B219 /* URLCollectorDataSource.m in Sources */,
				0D230501132FD1B10011B219 /* SAPOPunyShorteningService.m in Sources */,
				0D230502132FD1B10011B219 /* URLShortener.m in Sources */,
				0D230503132FD1B10011B219 /* URLShorteningService.m in Sources */,
				0D230504132FD1B10011B219 /* URLCollectorOutlineView.m in Sources */,
				0D23050D132FD1EB0011B219 /* URLCollector.xcdatamodel in Sources */,
				0D23054A132FD5160011B219 /* AddressBookContextContentProvider.m in Sources */,
				0D230559132FD5430011B219 /* AdiumContextContentProvider.m in Sources */,
				0D230561132FD59D0011B219 /* GenericContextContentProvider.m in Sources */,
				0D230566132FD68F0011B219 /* iChatContextContentProvider.m in Sources */,
				0D230569132FD6970011B219 /* iCalContextContentProvider.m in Sources */,
				0D23056C132FD69C0011B219 /* XcodeContextContentProvider.m in Sources */,
				0D23056F132FD6A20011B219 /* MailContextContentProvider.m in Sources */,
				0D230572132FD6B40011B219 /* SafariContextContentProvider.m in Sources */,
				0D23059A132FDC7F0011B219 /* URLCollectorContextIdentity.m in Sources */,
				0D2305B4132FE25D0011B219 /* URLCollectorContextContentProvider.m in Sources */,
				0D230D1C133280870011B219 /* GTMFileSystemKQueue.m in Sources */,
				0D8BCEDA1332A2EB0079E647 /* URLCollectorDatabaseSynchronizer.m in Sources */,
				0D8BCEDF1332A3750079E647 /* URLCollectorDatabaseManager.m in Sources */,
				0D2310321337762F0011B219 /* StatusItemDraggingDestinationView.m in Sources */,
				0D2311931337A6A80011B219 /* URLCollectorElementCell.m in Sources */,
				0D23137D1337B7060011B219 /* URLCollectorGroupCell.m in Sources */,
				0D231CD0133BAC540011B219 /* URLCollectorContentClassifier.m in Sources */,
				0D231CD3133BAEC30011B219 /* URLCollectorClassifyURLOperation.m in Sources */,
				0D231CD6133BB08B0011B219 /* Globals.m in Sources */,
				0D231E0B133CE20D0011B219 /* TFHpple.m in Sources */,
				0D231E0C133CE20D0011B219 /* TFHppleElement.m in Sources */,
				0D231E0D133CE20D0011B219 /* XPathQuery.m in Sources */,
				0D2321391340E6220011B219 /* NSBezierPath+AMShading.m in Sources */,
				0D2322251341E4C00011B219 /* UCNavigationController.m in Sources */,
				0DA292991343990C000FC202 /* UCIdentityDetailViewController.m in Sources */,
				0DA2929C13439922000FC202 /* UCURLDetailViewController.m in Sources */,
				0DA294201344E507000FC202 /* ChromeContextContentProvider.m in Sources */,
				0DA295E013462717000FC202 /* NSString+Additions.m in Sources */,
				0DA296CC1349D4B2000FC202 /* UCImageLoader.m in Sources */,
			);
			runOnlyForDeploymentPostprocessing = 0;
		};
/* End PBXSourcesBuildPhase section */

/* Begin PBXVariantGroup section */
		089C165CFE840E0CC02AAC07 /* InfoPlist.strings */ = {
			isa = PBXVariantGroup;
			children = (
				089C165DFE840E0CC02AAC07 /* English */,
			);
			name = InfoPlist.strings;
			sourceTree = "<group>";
		};
		1DDD58140DA1D0A300B32029 /* MainMenu.xib */ = {
			isa = PBXVariantGroup;
			children = (
				1DDD58150DA1D0A300B32029 /* English */,
			);
			name = MainMenu.xib;
			sourceTree = "<group>";
		};
/* End PBXVariantGroup section */

/* Begin XCBuildConfiguration section */
		C01FCF4B08A954540054247B /* Debug */ = {
			isa = XCBuildConfiguration;
			buildSettings = {
				ALWAYS_SEARCH_USER_PATHS = NO;
				COPY_PHASE_STRIP = NO;
				FRAMEWORK_SEARCH_PATHS = (
					"$(inherited)",
					"\"$(SRCROOT)/Frameworks\"",
				);
				GCC_DYNAMIC_NO_PIC = NO;
				GCC_ENABLE_FIX_AND_CONTINUE = YES;
				GCC_MODEL_TUNING = G5;
				GCC_OPTIMIZATION_LEVEL = 0;
				GCC_PRECOMPILE_PREFIX_HEADER = YES;
				GCC_PREFIX_HEADER = SAPOPuny_Prefix.pch;
				INFOPLIST_FILE = Info.plist;
				INSTALL_PATH = "$(HOME)/Applications";
				PRODUCT_NAME = URLCollector;
			};
			name = Debug;
		};
		C01FCF4C08A954540054247B /* Release */ = {
			isa = XCBuildConfiguration;
			buildSettings = {
				ALWAYS_SEARCH_USER_PATHS = NO;
				DEBUG_INFORMATION_FORMAT = "dwarf-with-dsym";
				FRAMEWORK_SEARCH_PATHS = (
					"$(inherited)",
					"\"$(SRCROOT)/Frameworks\"",
				);
				GCC_MODEL_TUNING = G5;
				GCC_PRECOMPILE_PREFIX_HEADER = YES;
				GCC_PREFIX_HEADER = SAPOPuny_Prefix.pch;
				INFOPLIST_FILE = Info.plist;
				INSTALL_PATH = "$(HOME)/Applications";
				PRODUCT_NAME = SAPOPuny;
			};
			name = Release;
		};
		C01FCF4F08A954540054247B /* Debug */ = {
			isa = XCBuildConfiguration;
			buildSettings = {
				ARCHS = "$(ARCHS_STANDARD_32_64_BIT)";
				GCC_C_LANGUAGE_STANDARD = gnu99;
				GCC_OPTIMIZATION_LEVEL = 0;
				GCC_WARN_ABOUT_RETURN_TYPE = YES;
				GCC_WARN_UNUSED_VARIABLE = YES;
				HEADER_SEARCH_PATHS = "$(SDKROOT)/usr/include/libxml2";
				ONLY_ACTIVE_ARCH = YES;
				OTHER_CFLAGS = (
					"-DLOG_LEVEL=0",
					"-DDEBUGLOG",
					"-DDEBUG",
				);
				OTHER_LDFLAGS = (
					"-lxml2",
					"-licucore",
				);
				PREBINDING = NO;
				SDKROOT = macosx10.6;
			};
			name = Debug;
		};
		C01FCF5008A954540054247B /* Release */ = {
			isa = XCBuildConfiguration;
			buildSettings = {
				ARCHS = "$(ARCHS_STANDARD_32_64_BIT)";
				GCC_C_LANGUAGE_STANDARD = gnu99;
				GCC_WARN_ABOUT_RETURN_TYPE = YES;
				GCC_WARN_UNUSED_VARIABLE = YES;
				HEADER_SEARCH_PATHS = "$(SDKROOT)/usr/include/libxml2";
				OTHER_LDFLAGS = "-lxml2";
				PREBINDING = NO;
				SDKROOT = macosx10.6;
			};
			name = Release;
		};
/* End XCBuildConfiguration section */

/* Begin XCConfigurationList section */
		C01FCF4A08A954540054247B /* Build configuration list for PBXNativeTarget "URLCollector" */ = {
			isa = XCConfigurationList;
			buildConfigurations = (
				C01FCF4B08A954540054247B /* Debug */,
				C01FCF4C08A954540054247B /* Release */,
			);
			defaultConfigurationIsVisible = 0;
			defaultConfigurationName = Release;
		};
		C01FCF4E08A954540054247B /* Build configuration list for PBXProject "SAPOPuny" */ = {
			isa = XCConfigurationList;
			buildConfigurations = (
				C01FCF4F08A954540054247B /* Debug */,
				C01FCF5008A954540054247B /* Release */,
			);
			defaultConfigurationIsVisible = 0;
			defaultConfigurationName = Release;
		};
/* End XCConfigurationList section */
	};
	rootObject = 29B97313FDCFA39411CA2CEA /* Project object */;
}
